// !$*UTF8*$!
{
	archiveVersion = 1;
	classes = {
	};
	objectVersion = 56;
	objects = {

/* Begin PBXBuildFile section */
		FF11091F299D2ED800E9F3FC /* TablesView.swift in Sources */ = {isa = PBXBuildFile; fileRef = FF11091E299D2ED800E9F3FC /* TablesView.swift */; };
		FF110924299D2FDF00E9F3FC /* ItemsView.swift in Sources */ = {isa = PBXBuildFile; fileRef = FF110923299D2FDF00E9F3FC /* ItemsView.swift */; };
		FF110927299D300700E9F3FC /* ItemType.swift in Sources */ = {isa = PBXBuildFile; fileRef = FF110926299D300700E9F3FC /* ItemType.swift */; };
		FF110929299ED7A000E9F3FC /* ItemsViewModel.swift in Sources */ = {isa = PBXBuildFile; fileRef = FF110928299ED7A000E9F3FC /* ItemsViewModel.swift */; };
		FF11092D299ED8A600E9F3FC /* GetDefaultItems.swift in Sources */ = {isa = PBXBuildFile; fileRef = FF11092C299ED8A600E9F3FC /* GetDefaultItems.swift */; };
		FF11092F299EE24100E9F3FC /* CraftingRequirements.swift in Sources */ = {isa = PBXBuildFile; fileRef = FF11092E299EE24100E9F3FC /* CraftingRequirements.swift */; };
		FF110931299EE3B700E9F3FC /* SpecialRequirement.swift in Sources */ = {isa = PBXBuildFile; fileRef = FF110930299EE3B700E9F3FC /* SpecialRequirement.swift */; };
		FF110933299EE59F00E9F3FC /* MeleeWeaponOption.swift in Sources */ = {isa = PBXBuildFile; fileRef = FF110932299EE59F00E9F3FC /* MeleeWeaponOption.swift */; };
		FF110935299EE61500E9F3FC /* ShieldOption.swift in Sources */ = {isa = PBXBuildFile; fileRef = FF110934299EE61500E9F3FC /* ShieldOption.swift */; };
		FF11093B299EF6F900E9F3FC /* WeaponFeature.swift in Sources */ = {isa = PBXBuildFile; fileRef = FF11093A299EF6F900E9F3FC /* WeaponFeature.swift */; };
		FF11093D299EF7A700E9F3FC /* WeaponType.swift in Sources */ = {isa = PBXBuildFile; fileRef = FF11093C299EF7A700E9F3FC /* WeaponType.swift */; };
		FF11093F299EF7B800E9F3FC /* WeaponGrip.swift in Sources */ = {isa = PBXBuildFile; fileRef = FF11093E299EF7B800E9F3FC /* WeaponGrip.swift */; };
		FF110941299EF93600E9F3FC /* RangedWeaponOption.swift in Sources */ = {isa = PBXBuildFile; fileRef = FF110940299EF93600E9F3FC /* RangedWeaponOption.swift */; };
		FF110952299FFE1100E9F3FC /* HelmetOption.swift in Sources */ = {isa = PBXBuildFile; fileRef = FF110951299FFE1100E9F3FC /* HelmetOption.swift */; };
		FF11095729A0F65700E9F3FC /* ItemsInjection.swift in Sources */ = {isa = PBXBuildFile; fileRef = FF11095629A0F65700E9F3FC /* ItemsInjection.swift */; };
		FF11095A29A1298300E9F3FC /* Localizable.strings in Resources */ = {isa = PBXBuildFile; fileRef = FF11095C29A1298300E9F3FC /* Localizable.strings */; };
		FF11096029A12BE400E9F3FC /* LocalizedStringKey+Extension.swift in Sources */ = {isa = PBXBuildFile; fileRef = FF11095F29A12BE400E9F3FC /* LocalizedStringKey+Extension.swift */; };
		FF11096329A264FC00E9F3FC /* Color+Extension.swift in Sources */ = {isa = PBXBuildFile; fileRef = FF11096229A264FC00E9F3FC /* Color+Extension.swift */; };
		FF1A869D2981C41B0056076C /* Campaign.swift in Sources */ = {isa = PBXBuildFile; fileRef = FF1A869C2981C41B0056076C /* Campaign.swift */; };
		FF1A86A42981C5920056076C /* FLPlayersRepository.swift in Sources */ = {isa = PBXBuildFile; fileRef = FF1A86A32981C5920056076C /* FLPlayersRepository.swift */; };
		FF1A86A72981C5FE0056076C /* PlayersInjection.swift in Sources */ = {isa = PBXBuildFile; fileRef = FF1A86A62981C5FE0056076C /* PlayersInjection.swift */; };
		FF1A86AE2981CC730056076C /* MainViewModel.swift in Sources */ = {isa = PBXBuildFile; fileRef = FF1A86AD2981CC730056076C /* MainViewModel.swift */; };
		FF1A86B12981D3250056076C /* DataModel.xcdatamodeld in Sources */ = {isa = PBXBuildFile; fileRef = FF1A86AF2981D3250056076C /* DataModel.xcdatamodeld */; };
		FF1A86B62981D4640056076C /* PersistenceController.swift in Sources */ = {isa = PBXBuildFile; fileRef = FF1A86B52981D4640056076C /* PersistenceController.swift */; };
		FF1A86B82981DFBC0056076C /* PlayerDetailView.swift in Sources */ = {isa = PBXBuildFile; fileRef = FF1A86B72981DFBC0056076C /* PlayerDetailView.swift */; };
		FF4431D02980518C00890D7C /* Die.swift in Sources */ = {isa = PBXBuildFile; fileRef = FF4431CF2980518C00890D7C /* Die.swift */; };
		FF4431D22980530B00890D7C /* Animal.swift in Sources */ = {isa = PBXBuildFile; fileRef = FF4431D12980530B00890D7C /* Animal.swift */; };
		FF4431D92980553100890D7C /* Entity.swift in Sources */ = {isa = PBXBuildFile; fileRef = FF4431D82980553100890D7C /* Entity.swift */; };
		FF4431DB298055AB00890D7C /* Attribute.swift in Sources */ = {isa = PBXBuildFile; fileRef = FF4431DA298055AB00890D7C /* Attribute.swift */; };
		FF4431DD2980566100890D7C /* Skill.swift in Sources */ = {isa = PBXBuildFile; fileRef = FF4431DC2980566100890D7C /* Skill.swift */; };
		FF4431E02980591C00890D7C /* AnimalType.swift in Sources */ = {isa = PBXBuildFile; fileRef = FF4431DF2980591C00890D7C /* AnimalType.swift */; };
		FF4431E22980629500890D7C /* Item.swift in Sources */ = {isa = PBXBuildFile; fileRef = FF4431E12980629500890D7C /* Item.swift */; };
		FF4431E4298062B000890D7C /* Weight.swift in Sources */ = {isa = PBXBuildFile; fileRef = FF4431E3298062B000890D7C /* Weight.swift */; };
		FF4431E62980638500890D7C /* Weapon.swift in Sources */ = {isa = PBXBuildFile; fileRef = FF4431E52980638500890D7C /* Weapon.swift */; };
		FF4431E8298063E200890D7C /* Range.swift in Sources */ = {isa = PBXBuildFile; fileRef = FF4431E7298063E200890D7C /* Range.swift */; };
		FF4431EA298064BD00890D7C /* PlayerCharacter.swift in Sources */ = {isa = PBXBuildFile; fileRef = FF4431E9298064BD00890D7C /* PlayerCharacter.swift */; };
		FF4431EC2980676800890D7C /* Armor.swift in Sources */ = {isa = PBXBuildFile; fileRef = FF4431EB2980676800890D7C /* Armor.swift */; };
		FF4431EE29806AD500890D7C /* Supply.swift in Sources */ = {isa = PBXBuildFile; fileRef = FF4431ED29806AD500890D7C /* Supply.swift */; };
		FF4431F029806AF900890D7C /* RawMaterial.swift in Sources */ = {isa = PBXBuildFile; fileRef = FF4431EF29806AF900890D7C /* RawMaterial.swift */; };
		FF4431F229806B4B00890D7C /* Tool.swift in Sources */ = {isa = PBXBuildFile; fileRef = FF4431F129806B4B00890D7C /* Tool.swift */; };
		FF4431F4298083BA00890D7C /* BodyArmorOption.swift in Sources */ = {isa = PBXBuildFile; fileRef = FF4431F3298083BA00890D7C /* BodyArmorOption.swift */; };
		FF4431F62980897300890D7C /* Battlefield.swift in Sources */ = {isa = PBXBuildFile; fileRef = FF4431F52980897300890D7C /* Battlefield.swift */; };
		FF4431F82980899100890D7C /* Zone.swift in Sources */ = {isa = PBXBuildFile; fileRef = FF4431F72980899100890D7C /* Zone.swift */; };
		FF4431FA298089CA00890D7C /* Battle.swift in Sources */ = {isa = PBXBuildFile; fileRef = FF4431F9298089CA00890D7C /* Battle.swift */; };
		FF4431FC298089F500890D7C /* BattleTeam.swift in Sources */ = {isa = PBXBuildFile; fileRef = FF4431FB298089F500890D7C /* BattleTeam.swift */; };
		FF44320029808A9000890D7C /* Combatant.swift in Sources */ = {isa = PBXBuildFile; fileRef = FF4431FF29808A9000890D7C /* Combatant.swift */; };
		FF443203298091A700890D7C /* MainViewLinkView.swift in Sources */ = {isa = PBXBuildFile; fileRef = FF443202298091A700890D7C /* MainViewLinkView.swift */; };
		FF44320729809A3B00890D7C /* IMFellGreatPrimer-Regular.ttf in Resources */ = {isa = PBXBuildFile; fileRef = FF44320529809A3B00890D7C /* IMFellGreatPrimer-Regular.ttf */; };
		FF44320829809A3B00890D7C /* IMFellGreatPrimer-Italic.ttf in Resources */ = {isa = PBXBuildFile; fileRef = FF44320629809A3B00890D7C /* IMFellGreatPrimer-Italic.ttf */; };
		FF44320B29809C2A00890D7C /* Fonts.swift in Sources */ = {isa = PBXBuildFile; fileRef = FF44320A29809C2A00890D7C /* Fonts.swift */; };
		FF4432112980AC6C00890D7C /* SettingsView.swift in Sources */ = {isa = PBXBuildFile; fileRef = FF4432102980AC6C00890D7C /* SettingsView.swift */; };
		FF4432132980ADA500890D7C /* PlayersView.swift in Sources */ = {isa = PBXBuildFile; fileRef = FF4432122980ADA500890D7C /* PlayersView.swift */; };
		FF4432152980AEB300890D7C /* PlayersViewModel.swift in Sources */ = {isa = PBXBuildFile; fileRef = FF4432142980AEB300890D7C /* PlayersViewModel.swift */; };
		FF4432192980AF6B00890D7C /* GetPlayerCharactersInteractor.swift in Sources */ = {isa = PBXBuildFile; fileRef = FF4432182980AF6B00890D7C /* GetPlayerCharactersInteractor.swift */; };
		FF4432272980B1A100890D7C /* Inject.swift in Sources */ = {isa = PBXBuildFile; fileRef = FF4432262980B1A100890D7C /* Inject.swift */; };
		FF4432292980B1B400890D7C /* Resolver.swift in Sources */ = {isa = PBXBuildFile; fileRef = FF4432282980B1B400890D7C /* Resolver.swift */; };
		FF4432312980B5B900890D7C /* Swinject in Frameworks */ = {isa = PBXBuildFile; productRef = FF4432302980B5B900890D7C /* Swinject */; };
		FF4432332980B5E500890D7C /* PlayersRepository.swift in Sources */ = {isa = PBXBuildFile; fileRef = FF4432322980B5E500890D7C /* PlayersRepository.swift */; };
		FF4432352980B6E000890D7C /* Gender.swift in Sources */ = {isa = PBXBuildFile; fileRef = FF4432342980B6E000890D7C /* Gender.swift */; };
		FF7DDE362987DCA500FD9D43 /* StatesView.swift in Sources */ = {isa = PBXBuildFile; fileRef = FF7DDE352987DCA500FD9D43 /* StatesView.swift */; };
		FF7DDE382987DDBC00FD9D43 /* CharacterState.swift in Sources */ = {isa = PBXBuildFile; fileRef = FF7DDE372987DDBC00FD9D43 /* CharacterState.swift */; };
		FF7DDE3D2987DF0400FD9D43 /* Consumable.swift in Sources */ = {isa = PBXBuildFile; fileRef = FF7DDE3C2987DF0400FD9D43 /* Consumable.swift */; };
		FF7DDE422987F55A00FD9D43 /* ArmorView.swift in Sources */ = {isa = PBXBuildFile; fileRef = FF7DDE412987F55A00FD9D43 /* ArmorView.swift */; };
		FF7DDE442987F64000FD9D43 /* Shield.swift in Sources */ = {isa = PBXBuildFile; fileRef = FF7DDE432987F64000FD9D43 /* Shield.swift */; };
		FF7DDE4629880D8500FD9D43 /* WillpowerView.swift in Sources */ = {isa = PBXBuildFile; fileRef = FF7DDE4529880D8500FD9D43 /* WillpowerView.swift */; };
		FF7DDE482988225D00FD9D43 /* ConsumablesView.swift in Sources */ = {isa = PBXBuildFile; fileRef = FF7DDE472988225D00FD9D43 /* ConsumablesView.swift */; };
		FF7DDE4A2988258900FD9D43 /* Money.swift in Sources */ = {isa = PBXBuildFile; fileRef = FF7DDE492988258900FD9D43 /* Money.swift */; };
		FF9E9C6C29804D83002FD2FE /* Character.swift in Sources */ = {isa = PBXBuildFile; fileRef = FF9E9C6B29804D83002FD2FE /* Character.swift */; };
		FF9E9C6E29804DCB002FD2FE /* Kin.swift in Sources */ = {isa = PBXBuildFile; fileRef = FF9E9C6D29804DCB002FD2FE /* Kin.swift */; };
		FF9E9C7029804EFF002FD2FE /* Profession.swift in Sources */ = {isa = PBXBuildFile; fileRef = FF9E9C6F29804EFF002FD2FE /* Profession.swift */; };
		FF9E9C7229804FCE002FD2FE /* Talent.swift in Sources */ = {isa = PBXBuildFile; fileRef = FF9E9C7129804FCE002FD2FE /* Talent.swift */; };
		FFA971512980306D009FF258 /* FLHelperApp.swift in Sources */ = {isa = PBXBuildFile; fileRef = FFA971502980306D009FF258 /* FLHelperApp.swift */; };
		FFA971532980306D009FF258 /* MainView.swift in Sources */ = {isa = PBXBuildFile; fileRef = FFA971522980306D009FF258 /* MainView.swift */; };
		FFA971552980306E009FF258 /* Assets.xcassets in Resources */ = {isa = PBXBuildFile; fileRef = FFA971542980306E009FF258 /* Assets.xcassets */; };
		FFD2DCF629831B97001EFCAA /* AttributesView.swift in Sources */ = {isa = PBXBuildFile; fileRef = FFD2DCF529831B97001EFCAA /* AttributesView.swift */; };
		FFD2DCF929831BB5001EFCAA /* SkillsView.swift in Sources */ = {isa = PBXBuildFile; fileRef = FFD2DCF829831BB5001EFCAA /* SkillsView.swift */; };
		FFD2DCFB29831D91001EFCAA /* IMFellGreatPrimer-RegularSC.ttf in Resources */ = {isa = PBXBuildFile; fileRef = FFD2DCFA29831D91001EFCAA /* IMFellGreatPrimer-RegularSC.ttf */; };
		FFD2DCFD29832A1F001EFCAA /* TalentsView.swift in Sources */ = {isa = PBXBuildFile; fileRef = FFD2DCFC29832A1F001EFCAA /* TalentsView.swift */; };
/* End PBXBuildFile section */

/* Begin PBXCopyFilesBuildPhase section */
		FF44322D2980B58700890D7C /* Embed Frameworks */ = {
			isa = PBXCopyFilesBuildPhase;
			buildActionMask = 2147483647;
			dstPath = "";
			dstSubfolderSpec = 10;
			files = (
			);
			name = "Embed Frameworks";
			runOnlyForDeploymentPostprocessing = 0;
		};
/* End PBXCopyFilesBuildPhase section */

/* Begin PBXFileReference section */
		FF11091E299D2ED800E9F3FC /* TablesView.swift */ = {isa = PBXFileReference; lastKnownFileType = sourcecode.swift; path = TablesView.swift; sourceTree = "<group>"; };
		FF110923299D2FDF00E9F3FC /* ItemsView.swift */ = {isa = PBXFileReference; lastKnownFileType = sourcecode.swift; path = ItemsView.swift; sourceTree = "<group>"; };
		FF110926299D300700E9F3FC /* ItemType.swift */ = {isa = PBXFileReference; lastKnownFileType = sourcecode.swift; path = ItemType.swift; sourceTree = "<group>"; };
		FF110928299ED7A000E9F3FC /* ItemsViewModel.swift */ = {isa = PBXFileReference; lastKnownFileType = sourcecode.swift; path = ItemsViewModel.swift; sourceTree = "<group>"; };
		FF11092C299ED8A600E9F3FC /* GetDefaultItems.swift */ = {isa = PBXFileReference; lastKnownFileType = sourcecode.swift; path = GetDefaultItems.swift; sourceTree = "<group>"; };
		FF11092E299EE24100E9F3FC /* CraftingRequirements.swift */ = {isa = PBXFileReference; lastKnownFileType = sourcecode.swift; path = CraftingRequirements.swift; sourceTree = "<group>"; };
		FF110930299EE3B700E9F3FC /* SpecialRequirement.swift */ = {isa = PBXFileReference; lastKnownFileType = sourcecode.swift; path = SpecialRequirement.swift; sourceTree = "<group>"; };
		FF110932299EE59F00E9F3FC /* MeleeWeaponOption.swift */ = {isa = PBXFileReference; lastKnownFileType = sourcecode.swift; path = MeleeWeaponOption.swift; sourceTree = "<group>"; };
		FF110934299EE61500E9F3FC /* ShieldOption.swift */ = {isa = PBXFileReference; lastKnownFileType = sourcecode.swift; path = ShieldOption.swift; sourceTree = "<group>"; };
		FF11093A299EF6F900E9F3FC /* WeaponFeature.swift */ = {isa = PBXFileReference; lastKnownFileType = sourcecode.swift; path = WeaponFeature.swift; sourceTree = "<group>"; };
		FF11093C299EF7A700E9F3FC /* WeaponType.swift */ = {isa = PBXFileReference; lastKnownFileType = sourcecode.swift; path = WeaponType.swift; sourceTree = "<group>"; };
		FF11093E299EF7B800E9F3FC /* WeaponGrip.swift */ = {isa = PBXFileReference; lastKnownFileType = sourcecode.swift; path = WeaponGrip.swift; sourceTree = "<group>"; };
		FF110940299EF93600E9F3FC /* RangedWeaponOption.swift */ = {isa = PBXFileReference; lastKnownFileType = sourcecode.swift; path = RangedWeaponOption.swift; sourceTree = "<group>"; };
		FF110951299FFE1100E9F3FC /* HelmetOption.swift */ = {isa = PBXFileReference; lastKnownFileType = sourcecode.swift; path = HelmetOption.swift; sourceTree = "<group>"; };
		FF11095629A0F65700E9F3FC /* ItemsInjection.swift */ = {isa = PBXFileReference; lastKnownFileType = sourcecode.swift; path = ItemsInjection.swift; sourceTree = "<group>"; };
		FF11095B29A1298300E9F3FC /* en */ = {isa = PBXFileReference; lastKnownFileType = text.plist.strings; name = en; path = en.lproj/Localizable.strings; sourceTree = "<group>"; };
		FF11095D29A129AA00E9F3FC /* cs */ = {isa = PBXFileReference; lastKnownFileType = text.plist.strings; name = cs; path = cs.lproj/Localizable.strings; sourceTree = "<group>"; };
		FF11095F29A12BE400E9F3FC /* LocalizedStringKey+Extension.swift */ = {isa = PBXFileReference; lastKnownFileType = sourcecode.swift; path = "LocalizedStringKey+Extension.swift"; sourceTree = "<group>"; };
		FF11096229A264FC00E9F3FC /* Color+Extension.swift */ = {isa = PBXFileReference; lastKnownFileType = sourcecode.swift; path = "Color+Extension.swift"; sourceTree = "<group>"; };
		FF1A869C2981C41B0056076C /* Campaign.swift */ = {isa = PBXFileReference; lastKnownFileType = sourcecode.swift; path = Campaign.swift; sourceTree = "<group>"; };
		FF1A86A32981C5920056076C /* FLPlayersRepository.swift */ = {isa = PBXFileReference; lastKnownFileType = sourcecode.swift; path = FLPlayersRepository.swift; sourceTree = "<group>"; };
		FF1A86A62981C5FE0056076C /* PlayersInjection.swift */ = {isa = PBXFileReference; lastKnownFileType = sourcecode.swift; path = PlayersInjection.swift; sourceTree = "<group>"; };
		FF1A86AD2981CC730056076C /* MainViewModel.swift */ = {isa = PBXFileReference; lastKnownFileType = sourcecode.swift; path = MainViewModel.swift; sourceTree = "<group>"; };
		FF1A86B02981D3250056076C /* DataModel.xcdatamodel */ = {isa = PBXFileReference; lastKnownFileType = wrapper.xcdatamodel; path = DataModel.xcdatamodel; sourceTree = "<group>"; };
		FF1A86B52981D4640056076C /* PersistenceController.swift */ = {isa = PBXFileReference; lastKnownFileType = sourcecode.swift; path = PersistenceController.swift; sourceTree = "<group>"; };
		FF1A86B72981DFBC0056076C /* PlayerDetailView.swift */ = {isa = PBXFileReference; lastKnownFileType = sourcecode.swift; path = PlayerDetailView.swift; sourceTree = "<group>"; };
		FF4431CF2980518C00890D7C /* Die.swift */ = {isa = PBXFileReference; lastKnownFileType = sourcecode.swift; path = Die.swift; sourceTree = "<group>"; };
		FF4431D12980530B00890D7C /* Animal.swift */ = {isa = PBXFileReference; lastKnownFileType = sourcecode.swift; path = Animal.swift; sourceTree = "<group>"; };
		FF4431D82980553100890D7C /* Entity.swift */ = {isa = PBXFileReference; lastKnownFileType = sourcecode.swift; path = Entity.swift; sourceTree = "<group>"; };
		FF4431DA298055AB00890D7C /* Attribute.swift */ = {isa = PBXFileReference; lastKnownFileType = sourcecode.swift; path = Attribute.swift; sourceTree = "<group>"; };
		FF4431DC2980566100890D7C /* Skill.swift */ = {isa = PBXFileReference; lastKnownFileType = sourcecode.swift; path = Skill.swift; sourceTree = "<group>"; };
		FF4431DF2980591C00890D7C /* AnimalType.swift */ = {isa = PBXFileReference; lastKnownFileType = sourcecode.swift; path = AnimalType.swift; sourceTree = "<group>"; };
		FF4431E12980629500890D7C /* Item.swift */ = {isa = PBXFileReference; lastKnownFileType = sourcecode.swift; path = Item.swift; sourceTree = "<group>"; };
		FF4431E3298062B000890D7C /* Weight.swift */ = {isa = PBXFileReference; lastKnownFileType = sourcecode.swift; path = Weight.swift; sourceTree = "<group>"; };
		FF4431E52980638500890D7C /* Weapon.swift */ = {isa = PBXFileReference; lastKnownFileType = sourcecode.swift; path = Weapon.swift; sourceTree = "<group>"; };
		FF4431E7298063E200890D7C /* Range.swift */ = {isa = PBXFileReference; lastKnownFileType = sourcecode.swift; path = Range.swift; sourceTree = "<group>"; };
		FF4431E9298064BD00890D7C /* PlayerCharacter.swift */ = {isa = PBXFileReference; lastKnownFileType = sourcecode.swift; path = PlayerCharacter.swift; sourceTree = "<group>"; };
		FF4431EB2980676800890D7C /* Armor.swift */ = {isa = PBXFileReference; lastKnownFileType = sourcecode.swift; path = Armor.swift; sourceTree = "<group>"; };
		FF4431ED29806AD500890D7C /* Supply.swift */ = {isa = PBXFileReference; lastKnownFileType = sourcecode.swift; path = Supply.swift; sourceTree = "<group>"; };
		FF4431EF29806AF900890D7C /* RawMaterial.swift */ = {isa = PBXFileReference; lastKnownFileType = sourcecode.swift; path = RawMaterial.swift; sourceTree = "<group>"; };
		FF4431F129806B4B00890D7C /* Tool.swift */ = {isa = PBXFileReference; lastKnownFileType = sourcecode.swift; path = Tool.swift; sourceTree = "<group>"; };
		FF4431F3298083BA00890D7C /* BodyArmorOption.swift */ = {isa = PBXFileReference; lastKnownFileType = sourcecode.swift; path = BodyArmorOption.swift; sourceTree = "<group>"; };
		FF4431F52980897300890D7C /* Battlefield.swift */ = {isa = PBXFileReference; lastKnownFileType = sourcecode.swift; path = Battlefield.swift; sourceTree = "<group>"; };
		FF4431F72980899100890D7C /* Zone.swift */ = {isa = PBXFileReference; lastKnownFileType = sourcecode.swift; path = Zone.swift; sourceTree = "<group>"; };
		FF4431F9298089CA00890D7C /* Battle.swift */ = {isa = PBXFileReference; lastKnownFileType = sourcecode.swift; path = Battle.swift; sourceTree = "<group>"; };
		FF4431FB298089F500890D7C /* BattleTeam.swift */ = {isa = PBXFileReference; lastKnownFileType = sourcecode.swift; path = BattleTeam.swift; sourceTree = "<group>"; };
		FF4431FF29808A9000890D7C /* Combatant.swift */ = {isa = PBXFileReference; lastKnownFileType = sourcecode.swift; path = Combatant.swift; sourceTree = "<group>"; };
		FF443202298091A700890D7C /* MainViewLinkView.swift */ = {isa = PBXFileReference; lastKnownFileType = sourcecode.swift; path = MainViewLinkView.swift; sourceTree = "<group>"; };
		FF44320529809A3B00890D7C /* IMFellGreatPrimer-Regular.ttf */ = {isa = PBXFileReference; lastKnownFileType = file; path = "IMFellGreatPrimer-Regular.ttf"; sourceTree = "<group>"; };
		FF44320629809A3B00890D7C /* IMFellGreatPrimer-Italic.ttf */ = {isa = PBXFileReference; lastKnownFileType = file; path = "IMFellGreatPrimer-Italic.ttf"; sourceTree = "<group>"; };
		FF44320929809B8600890D7C /* FL-Helper-Info.plist */ = {isa = PBXFileReference; lastKnownFileType = text.plist; path = "FL-Helper-Info.plist"; sourceTree = "<group>"; };
		FF44320A29809C2A00890D7C /* Fonts.swift */ = {isa = PBXFileReference; lastKnownFileType = sourcecode.swift; path = Fonts.swift; sourceTree = "<group>"; };
		FF4432102980AC6C00890D7C /* SettingsView.swift */ = {isa = PBXFileReference; lastKnownFileType = sourcecode.swift; path = SettingsView.swift; sourceTree = "<group>"; };
		FF4432122980ADA500890D7C /* PlayersView.swift */ = {isa = PBXFileReference; lastKnownFileType = sourcecode.swift; path = PlayersView.swift; sourceTree = "<group>"; };
		FF4432142980AEB300890D7C /* PlayersViewModel.swift */ = {isa = PBXFileReference; lastKnownFileType = sourcecode.swift; path = PlayersViewModel.swift; sourceTree = "<group>"; };
		FF4432182980AF6B00890D7C /* GetPlayerCharactersInteractor.swift */ = {isa = PBXFileReference; lastKnownFileType = sourcecode.swift; path = GetPlayerCharactersInteractor.swift; sourceTree = "<group>"; };
		FF4432262980B1A100890D7C /* Inject.swift */ = {isa = PBXFileReference; lastKnownFileType = sourcecode.swift; path = Inject.swift; sourceTree = "<group>"; };
		FF4432282980B1B400890D7C /* Resolver.swift */ = {isa = PBXFileReference; lastKnownFileType = sourcecode.swift; path = Resolver.swift; sourceTree = "<group>"; };
		FF4432322980B5E500890D7C /* PlayersRepository.swift */ = {isa = PBXFileReference; lastKnownFileType = sourcecode.swift; path = PlayersRepository.swift; sourceTree = "<group>"; };
		FF4432342980B6E000890D7C /* Gender.swift */ = {isa = PBXFileReference; lastKnownFileType = sourcecode.swift; path = Gender.swift; sourceTree = "<group>"; };
		FF7DDE352987DCA500FD9D43 /* StatesView.swift */ = {isa = PBXFileReference; lastKnownFileType = sourcecode.swift; path = StatesView.swift; sourceTree = "<group>"; };
		FF7DDE372987DDBC00FD9D43 /* CharacterState.swift */ = {isa = PBXFileReference; lastKnownFileType = sourcecode.swift; path = CharacterState.swift; sourceTree = "<group>"; };
		FF7DDE3C2987DF0400FD9D43 /* Consumable.swift */ = {isa = PBXFileReference; lastKnownFileType = sourcecode.swift; path = Consumable.swift; sourceTree = "<group>"; };
		FF7DDE412987F55A00FD9D43 /* ArmorView.swift */ = {isa = PBXFileReference; lastKnownFileType = sourcecode.swift; path = ArmorView.swift; sourceTree = "<group>"; };
		FF7DDE432987F64000FD9D43 /* Shield.swift */ = {isa = PBXFileReference; lastKnownFileType = sourcecode.swift; path = Shield.swift; sourceTree = "<group>"; };
		FF7DDE4529880D8500FD9D43 /* WillpowerView.swift */ = {isa = PBXFileReference; lastKnownFileType = sourcecode.swift; path = WillpowerView.swift; sourceTree = "<group>"; };
		FF7DDE472988225D00FD9D43 /* ConsumablesView.swift */ = {isa = PBXFileReference; lastKnownFileType = sourcecode.swift; path = ConsumablesView.swift; sourceTree = "<group>"; };
		FF7DDE492988258900FD9D43 /* Money.swift */ = {isa = PBXFileReference; lastKnownFileType = sourcecode.swift; path = Money.swift; sourceTree = "<group>"; };
		FF9E9C6B29804D83002FD2FE /* Character.swift */ = {isa = PBXFileReference; lastKnownFileType = sourcecode.swift; path = Character.swift; sourceTree = "<group>"; };
		FF9E9C6D29804DCB002FD2FE /* Kin.swift */ = {isa = PBXFileReference; lastKnownFileType = sourcecode.swift; path = Kin.swift; sourceTree = "<group>"; };
		FF9E9C6F29804EFF002FD2FE /* Profession.swift */ = {isa = PBXFileReference; lastKnownFileType = sourcecode.swift; path = Profession.swift; sourceTree = "<group>"; };
		FF9E9C7129804FCE002FD2FE /* Talent.swift */ = {isa = PBXFileReference; lastKnownFileType = sourcecode.swift; path = Talent.swift; sourceTree = "<group>"; };
		FFA9714D2980306D009FF258 /* FL Helper.app */ = {isa = PBXFileReference; explicitFileType = wrapper.application; includeInIndex = 0; path = "FL Helper.app"; sourceTree = BUILT_PRODUCTS_DIR; };
		FFA971502980306D009FF258 /* FLHelperApp.swift */ = {isa = PBXFileReference; lastKnownFileType = sourcecode.swift; path = FLHelperApp.swift; sourceTree = "<group>"; };
		FFA971522980306D009FF258 /* MainView.swift */ = {isa = PBXFileReference; lastKnownFileType = sourcecode.swift; path = MainView.swift; sourceTree = "<group>"; };
		FFA971542980306E009FF258 /* Assets.xcassets */ = {isa = PBXFileReference; lastKnownFileType = folder.assetcatalog; path = Assets.xcassets; sourceTree = "<group>"; };
		FFD2DCF529831B97001EFCAA /* AttributesView.swift */ = {isa = PBXFileReference; lastKnownFileType = sourcecode.swift; path = AttributesView.swift; sourceTree = "<group>"; };
		FFD2DCF829831BB5001EFCAA /* SkillsView.swift */ = {isa = PBXFileReference; lastKnownFileType = sourcecode.swift; path = SkillsView.swift; sourceTree = "<group>"; };
		FFD2DCFA29831D91001EFCAA /* IMFellGreatPrimer-RegularSC.ttf */ = {isa = PBXFileReference; lastKnownFileType = file; path = "IMFellGreatPrimer-RegularSC.ttf"; sourceTree = "<group>"; };
		FFD2DCFC29832A1F001EFCAA /* TalentsView.swift */ = {isa = PBXFileReference; lastKnownFileType = sourcecode.swift; path = TalentsView.swift; sourceTree = "<group>"; };
/* End PBXFileReference section */

/* Begin PBXFrameworksBuildPhase section */
		FFA9714A2980306D009FF258 /* Frameworks */ = {
			isa = PBXFrameworksBuildPhase;
			buildActionMask = 2147483647;
			files = (
				FF4432312980B5B900890D7C /* Swinject in Frameworks */,
			);
			runOnlyForDeploymentPostprocessing = 0;
		};
/* End PBXFrameworksBuildPhase section */

/* Begin PBXGroup section */
		FF110920299D2F0100E9F3FC /* view */ = {
			isa = PBXGroup;
			children = (
				FF11091E299D2ED800E9F3FC /* TablesView.swift */,
			);
			path = view;
			sourceTree = "<group>";
		};
		FF110921299D2F1200E9F3FC /* domain */ = {
			isa = PBXGroup;
			children = (
			);
			path = domain;
			sourceTree = "<group>";
		};
		FF110922299D2FDA00E9F3FC /* view */ = {
			isa = PBXGroup;
			children = (
				FF110923299D2FDF00E9F3FC /* ItemsView.swift */,
				FF110928299ED7A000E9F3FC /* ItemsViewModel.swift */,
			);
			path = view;
			sourceTree = "<group>";
		};
		FF110925299D300200E9F3FC /* domain */ = {
			isa = PBXGroup;
			children = (
				FF110939299EF30500E9F3FC /* crafting */,
				FF110937299EF2CD00E9F3FC /* armor */,
				FF110938299EF2DC00E9F3FC /* shield */,
				FF110936299EF2BF00E9F3FC /* weapon */,
				FF4431E12980629500890D7C /* Item.swift */,
				FF110926299D300700E9F3FC /* ItemType.swift */,
				FF4431ED29806AD500890D7C /* Supply.swift */,
				FF4431F129806B4B00890D7C /* Tool.swift */,
				FF4431E3298062B000890D7C /* Weight.swift */,
			);
			path = domain;
			sourceTree = "<group>";
		};
		FF11092A299ED87400E9F3FC /* interactor */ = {
			isa = PBXGroup;
			children = (
				FF11092C299ED8A600E9F3FC /* GetDefaultItems.swift */,
			);
			path = interactor;
			sourceTree = "<group>";
		};
		FF11092B299ED88100E9F3FC /* interactor */ = {
			isa = PBXGroup;
			children = (
				FF4432182980AF6B00890D7C /* GetPlayerCharactersInteractor.swift */,
			);
			path = interactor;
			sourceTree = "<group>";
		};
		FF110936299EF2BF00E9F3FC /* weapon */ = {
			isa = PBXGroup;
			children = (
				FF110932299EE59F00E9F3FC /* MeleeWeaponOption.swift */,
				FF110940299EF93600E9F3FC /* RangedWeaponOption.swift */,
				FF4431E52980638500890D7C /* Weapon.swift */,
				FF11093A299EF6F900E9F3FC /* WeaponFeature.swift */,
				FF11093C299EF7A700E9F3FC /* WeaponType.swift */,
				FF11093E299EF7B800E9F3FC /* WeaponGrip.swift */,
			);
			path = weapon;
			sourceTree = "<group>";
		};
		FF110937299EF2CD00E9F3FC /* armor */ = {
			isa = PBXGroup;
			children = (
				FF4431EB2980676800890D7C /* Armor.swift */,
				FF4431F3298083BA00890D7C /* BodyArmorOption.swift */,
				FF110951299FFE1100E9F3FC /* HelmetOption.swift */,
			);
			path = armor;
			sourceTree = "<group>";
		};
		FF110938299EF2DC00E9F3FC /* shield */ = {
			isa = PBXGroup;
			children = (
				FF7DDE432987F64000FD9D43 /* Shield.swift */,
				FF110934299EE61500E9F3FC /* ShieldOption.swift */,
			);
			path = shield;
			sourceTree = "<group>";
		};
		FF110939299EF30500E9F3FC /* crafting */ = {
			isa = PBXGroup;
			children = (
				FF11092E299EE24100E9F3FC /* CraftingRequirements.swift */,
				FF110930299EE3B700E9F3FC /* SpecialRequirement.swift */,
				FF4431EF29806AF900890D7C /* RawMaterial.swift */,
			);
			path = crafting;
			sourceTree = "<group>";
		};
		FF11095529A0F64A00E9F3FC /* injection */ = {
			isa = PBXGroup;
			children = (
				FF11095629A0F65700E9F3FC /* ItemsInjection.swift */,
			);
			path = injection;
			sourceTree = "<group>";
		};
		FF11095E29A12BD400E9F3FC /* localization */ = {
			isa = PBXGroup;
			children = (
				FF11095C29A1298300E9F3FC /* Localizable.strings */,
				FF11095F29A12BE400E9F3FC /* LocalizedStringKey+Extension.swift */,
			);
			path = localization;
			sourceTree = "<group>";
		};
		FF11096129A264DF00E9F3FC /* color */ = {
			isa = PBXGroup;
			children = (
				FF11096229A264FC00E9F3FC /* Color+Extension.swift */,
			);
			path = color;
			sourceTree = "<group>";
		};
		FF1A869B2981C4090056076C /* Database */ = {
			isa = PBXGroup;
			children = (
				FF1A86AF2981D3250056076C /* DataModel.xcdatamodeld */,
				FF1A86B52981D4640056076C /* PersistenceController.swift */,
			);
			path = Database;
			sourceTree = "<group>";
		};
		FF1A869E2981C49A0056076C /* domain */ = {
			isa = PBXGroup;
			children = (
				FF1A869C2981C41B0056076C /* Campaign.swift */,
			);
			path = domain;
			sourceTree = "<group>";
		};
		FF1A86A22981C55F0056076C /* data */ = {
			isa = PBXGroup;
			children = (
				FF1A86A32981C5920056076C /* FLPlayersRepository.swift */,
			);
			path = data;
			sourceTree = "<group>";
		};
		FF1A86A52981C5EE0056076C /* injection */ = {
			isa = PBXGroup;
			children = (
				FF1A86A62981C5FE0056076C /* PlayersInjection.swift */,
			);
			path = injection;
			sourceTree = "<group>";
		};
		FF4431CD2980515A00890D7C /* Items */ = {
			isa = PBXGroup;
			children = (
				FF11095529A0F64A00E9F3FC /* injection */,
				FF11092A299ED87400E9F3FC /* interactor */,
				FF110925299D300200E9F3FC /* domain */,
				FF110922299D2FDA00E9F3FC /* view */,
			);
			path = Items;
			sourceTree = "<group>";
		};
		FF4431CE2980518300890D7C /* Mechanics */ = {
			isa = PBXGroup;
			children = (
				FF4431CF2980518C00890D7C /* Die.swift */,
				FF4431E7298063E200890D7C /* Range.swift */,
				FF7DDE492988258900FD9D43 /* Money.swift */,
			);
			path = Mechanics;
			sourceTree = "<group>";
		};
		FF4431D7298054AC00890D7C /* Monsters */ = {
			isa = PBXGroup;
			children = (
			);
			path = Monsters;
			sourceTree = "<group>";
		};
		FF4431DE2980590D00890D7C /* Animals */ = {
			isa = PBXGroup;
			children = (
				FF4431D12980530B00890D7C /* Animal.swift */,
				FF4431DF2980591C00890D7C /* AnimalType.swift */,
			);
			path = Animals;
			sourceTree = "<group>";
		};
		FF44320129808EF900890D7C /* App */ = {
			isa = PBXGroup;
			children = (
				FF11096129A264DF00E9F3FC /* color */,
				FFA971502980306D009FF258 /* FLHelperApp.swift */,
				FF44320C29809D1B00890D7C /* view */,
				FF443204298099EC00890D7C /* font */,
			);
			path = App;
			sourceTree = "<group>";
		};
		FF443204298099EC00890D7C /* font */ = {
			isa = PBXGroup;
			children = (
				FFD2DCFA29831D91001EFCAA /* IMFellGreatPrimer-RegularSC.ttf */,
				FF44320629809A3B00890D7C /* IMFellGreatPrimer-Italic.ttf */,
				FF44320529809A3B00890D7C /* IMFellGreatPrimer-Regular.ttf */,
				FF44320A29809C2A00890D7C /* Fonts.swift */,
			);
			path = font;
			sourceTree = "<group>";
		};
		FF44320C29809D1B00890D7C /* view */ = {
			isa = PBXGroup;
			children = (
				FFA971522980306D009FF258 /* MainView.swift */,
				FF443202298091A700890D7C /* MainViewLinkView.swift */,
				FF1A86AD2981CC730056076C /* MainViewModel.swift */,
			);
			path = view;
			sourceTree = "<group>";
		};
		FF44320F2980AC6500890D7C /* Settings */ = {
			isa = PBXGroup;
			children = (
				FF4432102980AC6C00890D7C /* SettingsView.swift */,
			);
			path = Settings;
			sourceTree = "<group>";
		};
		FF4432162980AF5800890D7C /* view */ = {
			isa = PBXGroup;
			children = (
				FF7DDE4529880D8500FD9D43 /* WillpowerView.swift */,
				FF4432122980ADA500890D7C /* PlayersView.swift */,
				FF4432142980AEB300890D7C /* PlayersViewModel.swift */,
				FF1A86B72981DFBC0056076C /* PlayerDetailView.swift */,
			);
			path = view;
			sourceTree = "<group>";
		};
		FF4432172980AF6300890D7C /* domain */ = {
			isa = PBXGroup;
			children = (
				FF4431E9298064BD00890D7C /* PlayerCharacter.swift */,
				FF4432322980B5E500890D7C /* PlayersRepository.swift */,
			);
			path = domain;
			sourceTree = "<group>";
		};
		FF4432252980B19A00890D7C /* Injection */ = {
			isa = PBXGroup;
			children = (
				FF4432262980B1A100890D7C /* Inject.swift */,
				FF4432282980B1B400890D7C /* Resolver.swift */,
			);
			path = Injection;
			sourceTree = "<group>";
		};
		FF44322A2980B58700890D7C /* Frameworks */ = {
			isa = PBXGroup;
			children = (
			);
			name = Frameworks;
			sourceTree = "<group>";
		};
		FF7DDE3A2987DE6700FD9D43 /* Entity */ = {
			isa = PBXGroup;
			children = (
				FF7DDE3B2987DE6F00FD9D43 /* domain */,
			);
			path = Entity;
			sourceTree = "<group>";
		};
		FF7DDE3B2987DE6F00FD9D43 /* domain */ = {
			isa = PBXGroup;
			children = (
				FF4431D82980553100890D7C /* Entity.swift */,
				FF4431DA298055AB00890D7C /* Attribute.swift */,
				FF9E9C7129804FCE002FD2FE /* Talent.swift */,
				FF4431DC2980566100890D7C /* Skill.swift */,
				FF4432342980B6E000890D7C /* Gender.swift */,
			);
			path = domain;
			sourceTree = "<group>";
		};
		FF9E9C6129804D03002FD2FE /* Players */ = {
			isa = PBXGroup;
			children = (
				FF11092B299ED88100E9F3FC /* interactor */,
				FF1A86A52981C5EE0056076C /* injection */,
				FF1A86A22981C55F0056076C /* data */,
				FF4432172980AF6300890D7C /* domain */,
				FF4432162980AF5800890D7C /* view */,
			);
			path = Players;
			sourceTree = "<group>";
		};
		FF9E9C6229804D11002FD2FE /* Places */ = {
			isa = PBXGroup;
			children = (
			);
			path = Places;
			sourceTree = "<group>";
		};
		FF9E9C6429804D27002FD2FE /* Tables */ = {
			isa = PBXGroup;
			children = (
				FF110921299D2F1200E9F3FC /* domain */,
				FF110920299D2F0100E9F3FC /* view */,
			);
			path = Tables;
			sourceTree = "<group>";
		};
		FF9E9C6529804D2D002FD2FE /* NPCs */ = {
			isa = PBXGroup;
			children = (
			);
			path = NPCs;
			sourceTree = "<group>";
		};
		FF9E9C6629804D33002FD2FE /* Encounters */ = {
			isa = PBXGroup;
			children = (
			);
			path = Encounters;
			sourceTree = "<group>";
		};
		FF9E9C6729804D3B002FD2FE /* Combat */ = {
			isa = PBXGroup;
			children = (
				FF4431F52980897300890D7C /* Battlefield.swift */,
				FF4431F72980899100890D7C /* Zone.swift */,
				FF4431F9298089CA00890D7C /* Battle.swift */,
				FF4431FB298089F500890D7C /* BattleTeam.swift */,
				FF4431FF29808A9000890D7C /* Combatant.swift */,
			);
			path = Combat;
			sourceTree = "<group>";
		};
		FF9E9C6829804D53002FD2FE /* Spells */ = {
			isa = PBXGroup;
			children = (
			);
			path = Spells;
			sourceTree = "<group>";
		};
		FF9E9C6929804D60002FD2FE /* Campaign */ = {
			isa = PBXGroup;
			children = (
				FF1A869E2981C49A0056076C /* domain */,
			);
			path = Campaign;
			sourceTree = "<group>";
		};
		FF9E9C6A29804D75002FD2FE /* Character */ = {
			isa = PBXGroup;
			children = (
				FFD2DCF729831BA1001EFCAA /* domain */,
				FFD2DCF429831B8E001EFCAA /* view */,
			);
			path = Character;
			sourceTree = "<group>";
		};
		FFA971442980306D009FF258 = {
			isa = PBXGroup;
			children = (
				FF11095E29A12BD400E9F3FC /* localization */,
				FF44320929809B8600890D7C /* FL-Helper-Info.plist */,
				FFA9714F2980306D009FF258 /* FLHelper */,
				FFA9714E2980306D009FF258 /* Products */,
				FF44322A2980B58700890D7C /* Frameworks */,
			);
			sourceTree = "<group>";
		};
		FFA9714E2980306D009FF258 /* Products */ = {
			isa = PBXGroup;
			children = (
				FFA9714D2980306D009FF258 /* FL Helper.app */,
			);
			name = Products;
			sourceTree = "<group>";
		};
		FFA9714F2980306D009FF258 /* FLHelper */ = {
			isa = PBXGroup;
			children = (
				FF7DDE3A2987DE6700FD9D43 /* Entity */,
				FF1A869B2981C4090056076C /* Database */,
				FF4432252980B19A00890D7C /* Injection */,
				FF44320F2980AC6500890D7C /* Settings */,
				FF44320129808EF900890D7C /* App */,
				FF4431DE2980590D00890D7C /* Animals */,
				FF4431D7298054AC00890D7C /* Monsters */,
				FF4431CE2980518300890D7C /* Mechanics */,
				FF4431CD2980515A00890D7C /* Items */,
				FF9E9C6A29804D75002FD2FE /* Character */,
				FF9E9C6929804D60002FD2FE /* Campaign */,
				FF9E9C6829804D53002FD2FE /* Spells */,
				FF9E9C6729804D3B002FD2FE /* Combat */,
				FF9E9C6629804D33002FD2FE /* Encounters */,
				FF9E9C6529804D2D002FD2FE /* NPCs */,
				FF9E9C6429804D27002FD2FE /* Tables */,
				FF9E9C6229804D11002FD2FE /* Places */,
				FF9E9C6129804D03002FD2FE /* Players */,
				FFA971542980306E009FF258 /* Assets.xcassets */,
			);
			path = FLHelper;
			sourceTree = "<group>";
		};
		FFD2DCF429831B8E001EFCAA /* view */ = {
			isa = PBXGroup;
			children = (
				FFD2DCF529831B97001EFCAA /* AttributesView.swift */,
				FFD2DCF829831BB5001EFCAA /* SkillsView.swift */,
				FFD2DCFC29832A1F001EFCAA /* TalentsView.swift */,
				FF7DDE352987DCA500FD9D43 /* StatesView.swift */,
				FF7DDE412987F55A00FD9D43 /* ArmorView.swift */,
				FF7DDE472988225D00FD9D43 /* ConsumablesView.swift */,
			);
			path = view;
			sourceTree = "<group>";
		};
		FFD2DCF729831BA1001EFCAA /* domain */ = {
			isa = PBXGroup;
			children = (
				FF9E9C6B29804D83002FD2FE /* Character.swift */,
				FF9E9C6D29804DCB002FD2FE /* Kin.swift */,
				FF9E9C6F29804EFF002FD2FE /* Profession.swift */,
				FF7DDE372987DDBC00FD9D43 /* CharacterState.swift */,
				FF7DDE3C2987DF0400FD9D43 /* Consumable.swift */,
			);
			path = domain;
			sourceTree = "<group>";
		};
/* End PBXGroup section */

/* Begin PBXNativeTarget section */
		FFA9714C2980306D009FF258 /* FL Helper */ = {
			isa = PBXNativeTarget;
			buildConfigurationList = FFA971712980306E009FF258 /* Build configuration list for PBXNativeTarget "FL Helper" */;
			buildPhases = (
				FFA971492980306D009FF258 /* Sources */,
				FFA9714A2980306D009FF258 /* Frameworks */,
				FFA9714B2980306D009FF258 /* Resources */,
				FF44322D2980B58700890D7C /* Embed Frameworks */,
			);
			buildRules = (
			);
			dependencies = (
			);
			name = "FL Helper";
			packageProductDependencies = (
				FF4432302980B5B900890D7C /* Swinject */,
			);
			productName = FLHelper;
			productReference = FFA9714D2980306D009FF258 /* FL Helper.app */;
			productType = "com.apple.product-type.application";
		};
/* End PBXNativeTarget section */

/* Begin PBXProject section */
		FFA971452980306D009FF258 /* Project object */ = {
			isa = PBXProject;
			attributes = {
				BuildIndependentTargetsInParallel = 1;
				LastSwiftUpdateCheck = 1420;
				LastUpgradeCheck = 1420;
				TargetAttributes = {
					FFA9714C2980306D009FF258 = {
						CreatedOnToolsVersion = 14.2;
					};
				};
			};
			buildConfigurationList = FFA971482980306D009FF258 /* Build configuration list for PBXProject "FLHelper" */;
			compatibilityVersion = "Xcode 14.0";
			developmentRegion = en;
			hasScannedForEncodings = 0;
			knownRegions = (
				en,
				Base,
				cs,
			);
			mainGroup = FFA971442980306D009FF258;
			packageReferences = (
				FF44322F2980B5B900890D7C /* XCRemoteSwiftPackageReference "Swinject" */,
			);
			productRefGroup = FFA9714E2980306D009FF258 /* Products */;
			projectDirPath = "";
			projectRoot = "";
			targets = (
				FFA9714C2980306D009FF258 /* FL Helper */,
			);
		};
/* End PBXProject section */

/* Begin PBXResourcesBuildPhase section */
		FFA9714B2980306D009FF258 /* Resources */ = {
			isa = PBXResourcesBuildPhase;
			buildActionMask = 2147483647;
			files = (
				FF11095A29A1298300E9F3FC /* Localizable.strings in Resources */,
				FF44320829809A3B00890D7C /* IMFellGreatPrimer-Italic.ttf in Resources */,
				FFA971552980306E009FF258 /* Assets.xcassets in Resources */,
				FF44320729809A3B00890D7C /* IMFellGreatPrimer-Regular.ttf in Resources */,
				FFD2DCFB29831D91001EFCAA /* IMFellGreatPrimer-RegularSC.ttf in Resources */,
			);
			runOnlyForDeploymentPostprocessing = 0;
		};
/* End PBXResourcesBuildPhase section */

/* Begin PBXSourcesBuildPhase section */
		FFA971492980306D009FF258 /* Sources */ = {
			isa = PBXSourcesBuildPhase;
			buildActionMask = 2147483647;
			files = (
				FF4432272980B1A100890D7C /* Inject.swift in Sources */,
				FF7DDE4A2988258900FD9D43 /* Money.swift in Sources */,
				FF1A86A42981C5920056076C /* FLPlayersRepository.swift in Sources */,
				FF9E9C7029804EFF002FD2FE /* Profession.swift in Sources */,
				FF7DDE4629880D8500FD9D43 /* WillpowerView.swift in Sources */,
				FF1A86B12981D3250056076C /* DataModel.xcdatamodeld in Sources */,
				FF7DDE3D2987DF0400FD9D43 /* Consumable.swift in Sources */,
				FF4431E62980638500890D7C /* Weapon.swift in Sources */,
				FF4432292980B1B400890D7C /* Resolver.swift in Sources */,
				FF4431EE29806AD500890D7C /* Supply.swift in Sources */,
				FF4432152980AEB300890D7C /* PlayersViewModel.swift in Sources */,
				FF110931299EE3B700E9F3FC /* SpecialRequirement.swift in Sources */,
				FF4431F229806B4B00890D7C /* Tool.swift in Sources */,
				FF4431E8298063E200890D7C /* Range.swift in Sources */,
				FF11096029A12BE400E9F3FC /* LocalizedStringKey+Extension.swift in Sources */,
				FF4431DD2980566100890D7C /* Skill.swift in Sources */,
				FF110952299FFE1100E9F3FC /* HelmetOption.swift in Sources */,
				FF1A86AE2981CC730056076C /* MainViewModel.swift in Sources */,
				FFD2DCFD29832A1F001EFCAA /* TalentsView.swift in Sources */,
				FF4431F029806AF900890D7C /* RawMaterial.swift in Sources */,
				FF7DDE382987DDBC00FD9D43 /* CharacterState.swift in Sources */,
				FF1A869D2981C41B0056076C /* Campaign.swift in Sources */,
				FF4432132980ADA500890D7C /* PlayersView.swift in Sources */,
				FF1A86B62981D4640056076C /* PersistenceController.swift in Sources */,
				FF11093F299EF7B800E9F3FC /* WeaponGrip.swift in Sources */,
				FF4431D22980530B00890D7C /* Animal.swift in Sources */,
				FF110927299D300700E9F3FC /* ItemType.swift in Sources */,
				FF4432332980B5E500890D7C /* PlayersRepository.swift in Sources */,
				FF4431FC298089F500890D7C /* BattleTeam.swift in Sources */,
				FF44320B29809C2A00890D7C /* Fonts.swift in Sources */,
				FF110929299ED7A000E9F3FC /* ItemsViewModel.swift in Sources */,
				FF110924299D2FDF00E9F3FC /* ItemsView.swift in Sources */,
				FF44320029808A9000890D7C /* Combatant.swift in Sources */,
				FF4431FA298089CA00890D7C /* Battle.swift in Sources */,
				FF4431F62980897300890D7C /* Battlefield.swift in Sources */,
				FF4431E02980591C00890D7C /* AnimalType.swift in Sources */,
				FFD2DCF629831B97001EFCAA /* AttributesView.swift in Sources */,
				FF11095729A0F65700E9F3FC /* ItemsInjection.swift in Sources */,
				FF7DDE362987DCA500FD9D43 /* StatesView.swift in Sources */,
				FF4431EA298064BD00890D7C /* PlayerCharacter.swift in Sources */,
				FF7DDE422987F55A00FD9D43 /* ArmorView.swift in Sources */,
				FF11091F299D2ED800E9F3FC /* TablesView.swift in Sources */,
				FF4431E22980629500890D7C /* Item.swift in Sources */,
				FF11092D299ED8A600E9F3FC /* GetDefaultItems.swift in Sources */,
				FF443203298091A700890D7C /* MainViewLinkView.swift in Sources */,
				FF4431E4298062B000890D7C /* Weight.swift in Sources */,
				FF9E9C6E29804DCB002FD2FE /* Kin.swift in Sources */,
				FF110933299EE59F00E9F3FC /* MeleeWeaponOption.swift in Sources */,
				FF4431EC2980676800890D7C /* Armor.swift in Sources */,
				FF11093D299EF7A700E9F3FC /* WeaponType.swift in Sources */,
				FF110941299EF93600E9F3FC /* RangedWeaponOption.swift in Sources */,
				FF4431D02980518C00890D7C /* Die.swift in Sources */,
				FF9E9C6C29804D83002FD2FE /* Character.swift in Sources */,
				FF4432192980AF6B00890D7C /* GetPlayerCharactersInteractor.swift in Sources */,
				FF1A86A72981C5FE0056076C /* PlayersInjection.swift in Sources */,
				FF11096329A264FC00E9F3FC /* Color+Extension.swift in Sources */,
				FF4431F82980899100890D7C /* Zone.swift in Sources */,
				FF11092F299EE24100E9F3FC /* CraftingRequirements.swift in Sources */,
				FFD2DCF929831BB5001EFCAA /* SkillsView.swift in Sources */,
				FF4431F4298083BA00890D7C /* BodyArmorOption.swift in Sources */,
				FF4431D92980553100890D7C /* Entity.swift in Sources */,
				FF4431DB298055AB00890D7C /* Attribute.swift in Sources */,
				FF9E9C7229804FCE002FD2FE /* Talent.swift in Sources */,
				FFA971532980306D009FF258 /* MainView.swift in Sources */,
				FF1A86B82981DFBC0056076C /* PlayerDetailView.swift in Sources */,
				FF4432112980AC6C00890D7C /* SettingsView.swift in Sources */,
				FF7DDE442987F64000FD9D43 /* Shield.swift in Sources */,
				FF7DDE482988225D00FD9D43 /* ConsumablesView.swift in Sources */,
				FF4432352980B6E000890D7C /* Gender.swift in Sources */,
				FF11093B299EF6F900E9F3FC /* WeaponFeature.swift in Sources */,
				FFA971512980306D009FF258 /* FLHelperApp.swift in Sources */,
				FF110935299EE61500E9F3FC /* ShieldOption.swift in Sources */,
			);
			runOnlyForDeploymentPostprocessing = 0;
		};
/* End PBXSourcesBuildPhase section */

/* Begin PBXVariantGroup section */
		FF11095C29A1298300E9F3FC /* Localizable.strings */ = {
			isa = PBXVariantGroup;
			children = (
				FF11095B29A1298300E9F3FC /* en */,
				FF11095D29A129AA00E9F3FC /* cs */,
			);
			name = Localizable.strings;
			sourceTree = "<group>";
		};
/* End PBXVariantGroup section */

/* Begin XCBuildConfiguration section */
		FFA9716F2980306E009FF258 /* Debug */ = {
			isa = XCBuildConfiguration;
			buildSettings = {
				ALWAYS_SEARCH_USER_PATHS = NO;
				CLANG_ANALYZER_LOCALIZABILITY_NONLOCALIZED = YES;
				CLANG_ANALYZER_NONNULL = YES;
				CLANG_ANALYZER_NUMBER_OBJECT_CONVERSION = YES_AGGRESSIVE;
				CLANG_CXX_LANGUAGE_STANDARD = "gnu++20";
				CLANG_ENABLE_MODULES = YES;
				CLANG_ENABLE_OBJC_ARC = YES;
				CLANG_ENABLE_OBJC_WEAK = YES;
				CLANG_WARN_BLOCK_CAPTURE_AUTORELEASING = YES;
				CLANG_WARN_BOOL_CONVERSION = YES;
				CLANG_WARN_COMMA = YES;
				CLANG_WARN_CONSTANT_CONVERSION = YES;
				CLANG_WARN_DEPRECATED_OBJC_IMPLEMENTATIONS = YES;
				CLANG_WARN_DIRECT_OBJC_ISA_USAGE = YES_ERROR;
				CLANG_WARN_DOCUMENTATION_COMMENTS = YES;
				CLANG_WARN_EMPTY_BODY = YES;
				CLANG_WARN_ENUM_CONVERSION = YES;
				CLANG_WARN_INFINITE_RECURSION = YES;
				CLANG_WARN_INT_CONVERSION = YES;
				CLANG_WARN_NON_LITERAL_NULL_CONVERSION = YES;
				CLANG_WARN_OBJC_IMPLICIT_RETAIN_SELF = YES;
				CLANG_WARN_OBJC_LITERAL_CONVERSION = YES;
				CLANG_WARN_OBJC_ROOT_CLASS = YES_ERROR;
				CLANG_WARN_QUOTED_INCLUDE_IN_FRAMEWORK_HEADER = YES;
				CLANG_WARN_RANGE_LOOP_ANALYSIS = YES;
				CLANG_WARN_STRICT_PROTOTYPES = YES;
				CLANG_WARN_SUSPICIOUS_MOVE = YES;
				CLANG_WARN_UNGUARDED_AVAILABILITY = YES_AGGRESSIVE;
				CLANG_WARN_UNREACHABLE_CODE = YES;
				CLANG_WARN__DUPLICATE_METHOD_MATCH = YES;
				COPY_PHASE_STRIP = NO;
				DEBUG_INFORMATION_FORMAT = dwarf;
				ENABLE_STRICT_OBJC_MSGSEND = YES;
				ENABLE_TESTABILITY = YES;
				GCC_C_LANGUAGE_STANDARD = gnu11;
				GCC_DYNAMIC_NO_PIC = NO;
				GCC_NO_COMMON_BLOCKS = YES;
				GCC_OPTIMIZATION_LEVEL = 0;
				GCC_PREPROCESSOR_DEFINITIONS = (
					"DEBUG=1",
					"$(inherited)",
				);
				GCC_WARN_64_TO_32_BIT_CONVERSION = YES;
				GCC_WARN_ABOUT_RETURN_TYPE = YES_ERROR;
				GCC_WARN_UNDECLARED_SELECTOR = YES;
				GCC_WARN_UNINITIALIZED_AUTOS = YES_AGGRESSIVE;
				GCC_WARN_UNUSED_FUNCTION = YES;
				GCC_WARN_UNUSED_VARIABLE = YES;
				IPHONEOS_DEPLOYMENT_TARGET = 15.0;
				MTL_ENABLE_DEBUG_INFO = INCLUDE_SOURCE;
				MTL_FAST_MATH = YES;
				ONLY_ACTIVE_ARCH = YES;
				SDKROOT = iphoneos;
				SWIFT_ACTIVE_COMPILATION_CONDITIONS = DEBUG;
				SWIFT_OPTIMIZATION_LEVEL = "-Onone";
			};
			name = Debug;
		};
		FFA971702980306E009FF258 /* Release */ = {
			isa = XCBuildConfiguration;
			buildSettings = {
				ALWAYS_SEARCH_USER_PATHS = NO;
				CLANG_ANALYZER_LOCALIZABILITY_NONLOCALIZED = YES;
				CLANG_ANALYZER_NONNULL = YES;
				CLANG_ANALYZER_NUMBER_OBJECT_CONVERSION = YES_AGGRESSIVE;
				CLANG_CXX_LANGUAGE_STANDARD = "gnu++20";
				CLANG_ENABLE_MODULES = YES;
				CLANG_ENABLE_OBJC_ARC = YES;
				CLANG_ENABLE_OBJC_WEAK = YES;
				CLANG_WARN_BLOCK_CAPTURE_AUTORELEASING = YES;
				CLANG_WARN_BOOL_CONVERSION = YES;
				CLANG_WARN_COMMA = YES;
				CLANG_WARN_CONSTANT_CONVERSION = YES;
				CLANG_WARN_DEPRECATED_OBJC_IMPLEMENTATIONS = YES;
				CLANG_WARN_DIRECT_OBJC_ISA_USAGE = YES_ERROR;
				CLANG_WARN_DOCUMENTATION_COMMENTS = YES;
				CLANG_WARN_EMPTY_BODY = YES;
				CLANG_WARN_ENUM_CONVERSION = YES;
				CLANG_WARN_INFINITE_RECURSION = YES;
				CLANG_WARN_INT_CONVERSION = YES;
				CLANG_WARN_NON_LITERAL_NULL_CONVERSION = YES;
				CLANG_WARN_OBJC_IMPLICIT_RETAIN_SELF = YES;
				CLANG_WARN_OBJC_LITERAL_CONVERSION = YES;
				CLANG_WARN_OBJC_ROOT_CLASS = YES_ERROR;
				CLANG_WARN_QUOTED_INCLUDE_IN_FRAMEWORK_HEADER = YES;
				CLANG_WARN_RANGE_LOOP_ANALYSIS = YES;
				CLANG_WARN_STRICT_PROTOTYPES = YES;
				CLANG_WARN_SUSPICIOUS_MOVE = YES;
				CLANG_WARN_UNGUARDED_AVAILABILITY = YES_AGGRESSIVE;
				CLANG_WARN_UNREACHABLE_CODE = YES;
				CLANG_WARN__DUPLICATE_METHOD_MATCH = YES;
				COPY_PHASE_STRIP = NO;
				DEBUG_INFORMATION_FORMAT = "dwarf-with-dsym";
				ENABLE_NS_ASSERTIONS = NO;
				ENABLE_STRICT_OBJC_MSGSEND = YES;
				GCC_C_LANGUAGE_STANDARD = gnu11;
				GCC_NO_COMMON_BLOCKS = YES;
				GCC_WARN_64_TO_32_BIT_CONVERSION = YES;
				GCC_WARN_ABOUT_RETURN_TYPE = YES_ERROR;
				GCC_WARN_UNDECLARED_SELECTOR = YES;
				GCC_WARN_UNINITIALIZED_AUTOS = YES_AGGRESSIVE;
				GCC_WARN_UNUSED_FUNCTION = YES;
				GCC_WARN_UNUSED_VARIABLE = YES;
				IPHONEOS_DEPLOYMENT_TARGET = 15.0;
				MTL_ENABLE_DEBUG_INFO = NO;
				MTL_FAST_MATH = YES;
				SDKROOT = iphoneos;
				SWIFT_COMPILATION_MODE = wholemodule;
				SWIFT_OPTIMIZATION_LEVEL = "-O";
				VALIDATE_PRODUCT = YES;
			};
			name = Release;
		};
		FFA971722980306E009FF258 /* Debug */ = {
			isa = XCBuildConfiguration;
			buildSettings = {
				ASSETCATALOG_COMPILER_APPICON_NAME = AppIcon;
				ASSETCATALOG_COMPILER_GLOBAL_ACCENT_COLOR_NAME = AccentColor;
				CODE_SIGN_STYLE = Automatic;
				CURRENT_PROJECT_VERSION = 1;
				DEVELOPMENT_ASSET_PATHS = "\"FLHelper/Preview Content\"";
				DEVELOPMENT_TEAM = 692WP484NX;
				ENABLE_PREVIEWS = YES;
				GENERATE_INFOPLIST_FILE = YES;
				INFOPLIST_FILE = "FL-Helper-Info.plist";
				INFOPLIST_KEY_UIApplicationSceneManifest_Generation = YES;
				INFOPLIST_KEY_UIApplicationSupportsIndirectInputEvents = YES;
				INFOPLIST_KEY_UILaunchScreen_Generation = YES;
				INFOPLIST_KEY_UISupportedInterfaceOrientations = "UIInterfaceOrientationLandscapeLeft UIInterfaceOrientationLandscapeRight";
				INFOPLIST_KEY_UISupportedInterfaceOrientations_iPad = "UIInterfaceOrientationLandscapeLeft UIInterfaceOrientationLandscapeRight UIInterfaceOrientationPortrait UIInterfaceOrientationPortraitUpsideDown";
				IPHONEOS_DEPLOYMENT_TARGET = 15.0;
				LD_RUNPATH_SEARCH_PATHS = (
					"$(inherited)",
					"@executable_path/Frameworks",
				);
				MARKETING_VERSION = 1.0;
				PRODUCT_BUNDLE_IDENTIFIER = cz.manicek.FLHelper;
				PRODUCT_NAME = "$(TARGET_NAME)";
				SUPPORTED_PLATFORMS = "iphoneos iphonesimulator";
				SUPPORTS_MACCATALYST = NO;
				SUPPORTS_MAC_DESIGNED_FOR_IPHONE_IPAD = NO;
				SWIFT_EMIT_LOC_STRINGS = YES;
				SWIFT_VERSION = 5.0;
				TARGETED_DEVICE_FAMILY = "1,2";
			};
			name = Debug;
		};
		FFA971732980306E009FF258 /* Release */ = {
			isa = XCBuildConfiguration;
			buildSettings = {
				ASSETCATALOG_COMPILER_APPICON_NAME = AppIcon;
				ASSETCATALOG_COMPILER_GLOBAL_ACCENT_COLOR_NAME = AccentColor;
				CODE_SIGN_STYLE = Automatic;
				CURRENT_PROJECT_VERSION = 1;
				DEVELOPMENT_ASSET_PATHS = "\"FLHelper/Preview Content\"";
				DEVELOPMENT_TEAM = 692WP484NX;
				ENABLE_PREVIEWS = YES;
				GENERATE_INFOPLIST_FILE = YES;
				INFOPLIST_FILE = "FL-Helper-Info.plist";
				INFOPLIST_KEY_UIApplicationSceneManifest_Generation = YES;
				INFOPLIST_KEY_UIApplicationSupportsIndirectInputEvents = YES;
				INFOPLIST_KEY_UILaunchScreen_Generation = YES;
				INFOPLIST_KEY_UISupportedInterfaceOrientations = "UIInterfaceOrientationLandscapeLeft UIInterfaceOrientationLandscapeRight";
				INFOPLIST_KEY_UISupportedInterfaceOrientations_iPad = "UIInterfaceOrientationLandscapeLeft UIInterfaceOrientationLandscapeRight UIInterfaceOrientationPortrait UIInterfaceOrientationPortraitUpsideDown";
				IPHONEOS_DEPLOYMENT_TARGET = 15.0;
				LD_RUNPATH_SEARCH_PATHS = (
					"$(inherited)",
					"@executable_path/Frameworks",
				);
				MARKETING_VERSION = 1.0;
				PRODUCT_BUNDLE_IDENTIFIER = cz.manicek.FLHelper;
				PRODUCT_NAME = "$(TARGET_NAME)";
				SUPPORTED_PLATFORMS = "iphoneos iphonesimulator";
				SUPPORTS_MACCATALYST = NO;
				SUPPORTS_MAC_DESIGNED_FOR_IPHONE_IPAD = NO;
				SWIFT_EMIT_LOC_STRINGS = YES;
				SWIFT_VERSION = 5.0;
				TARGETED_DEVICE_FAMILY = "1,2";
			};
			name = Release;
		};
/* End XCBuildConfiguration section */

/* Begin XCConfigurationList section */
		FFA971482980306D009FF258 /* Build configuration list for PBXProject "FLHelper" */ = {
			isa = XCConfigurationList;
			buildConfigurations = (
				FFA9716F2980306E009FF258 /* Debug */,
				FFA971702980306E009FF258 /* Release */,
			);
			defaultConfigurationIsVisible = 0;
			defaultConfigurationName = Release;
		};
		FFA971712980306E009FF258 /* Build configuration list for PBXNativeTarget "FL Helper" */ = {
			isa = XCConfigurationList;
			buildConfigurations = (
				FFA971722980306E009FF258 /* Debug */,
				FFA971732980306E009FF258 /* Release */,
			);
			defaultConfigurationIsVisible = 0;
			defaultConfigurationName = Release;
		};
/* End XCConfigurationList section */

/* Begin XCRemoteSwiftPackageReference section */
		FF44322F2980B5B900890D7C /* XCRemoteSwiftPackageReference "Swinject" */ = {
			isa = XCRemoteSwiftPackageReference;
			repositoryURL = "https://github.com/Swinject/Swinject";
			requirement = {
				kind = upToNextMajorVersion;
				minimumVersion = 2.0.0;
			};
		};
/* End XCRemoteSwiftPackageReference section */

/* Begin XCSwiftPackageProductDependency section */
		FF4432302980B5B900890D7C /* Swinject */ = {
			isa = XCSwiftPackageProductDependency;
			package = FF44322F2980B5B900890D7C /* XCRemoteSwiftPackageReference "Swinject" */;
			productName = Swinject;
		};
/* End XCSwiftPackageProductDependency section */

/* Begin XCVersionGroup section */
		FF1A86AF2981D3250056076C /* DataModel.xcdatamodeld */ = {
			isa = XCVersionGroup;
			children = (
				FF1A86B02981D3250056076C /* DataModel.xcdatamodel */,
			);
			currentVersion = FF1A86B02981D3250056076C /* DataModel.xcdatamodel */;
			path = DataModel.xcdatamodeld;
			sourceTree = "<group>";
			versionGroupType = wrapper.xcdatamodel;
		};
/* End XCVersionGroup section */
	};
	rootObject = FFA971452980306D009FF258 /* Project object */;
}
