// !$*UTF8*$!
{
	archiveVersion = 1;
	classes = {
	};
	objectVersion = 56;
	objects = {

/* Begin PBXBuildFile section */
		FF1A869D2981C41B0056076C /* Campaign.swift in Sources */ = {isa = PBXBuildFile; fileRef = FF1A869C2981C41B0056076C /* Campaign.swift */; };
		FF1A86A42981C5920056076C /* FLPlayersRepository.swift in Sources */ = {isa = PBXBuildFile; fileRef = FF1A86A32981C5920056076C /* FLPlayersRepository.swift */; };
		FF1A86A72981C5FE0056076C /* PlayersInjection.swift in Sources */ = {isa = PBXBuildFile; fileRef = FF1A86A62981C5FE0056076C /* PlayersInjection.swift */; };
		FF1A86AE2981CC730056076C /* MainViewModel.swift in Sources */ = {isa = PBXBuildFile; fileRef = FF1A86AD2981CC730056076C /* MainViewModel.swift */; };
		FF1A86B12981D3250056076C /* DataModel.xcdatamodeld in Sources */ = {isa = PBXBuildFile; fileRef = FF1A86AF2981D3250056076C /* DataModel.xcdatamodeld */; };
		FF1A86B62981D4640056076C /* PersistenceController.swift in Sources */ = {isa = PBXBuildFile; fileRef = FF1A86B52981D4640056076C /* PersistenceController.swift */; };
		FF1A86B82981DFBC0056076C /* PlayerDetailView.swift in Sources */ = {isa = PBXBuildFile; fileRef = FF1A86B72981DFBC0056076C /* PlayerDetailView.swift */; };
		FF4431D02980518C00890D7C /* Die.swift in Sources */ = {isa = PBXBuildFile; fileRef = FF4431CF2980518C00890D7C /* Die.swift */; };
		FF4431D22980530B00890D7C /* Animal.swift in Sources */ = {isa = PBXBuildFile; fileRef = FF4431D12980530B00890D7C /* Animal.swift */; };
		FF4431D92980553100890D7C /* Entity.swift in Sources */ = {isa = PBXBuildFile; fileRef = FF4431D82980553100890D7C /* Entity.swift */; };
		FF4431DB298055AB00890D7C /* Attribute.swift in Sources */ = {isa = PBXBuildFile; fileRef = FF4431DA298055AB00890D7C /* Attribute.swift */; };
		FF4431DD2980566100890D7C /* Skill.swift in Sources */ = {isa = PBXBuildFile; fileRef = FF4431DC2980566100890D7C /* Skill.swift */; };
		FF4431E02980591C00890D7C /* AnimalType.swift in Sources */ = {isa = PBXBuildFile; fileRef = FF4431DF2980591C00890D7C /* AnimalType.swift */; };
		FF4431E22980629500890D7C /* Item.swift in Sources */ = {isa = PBXBuildFile; fileRef = FF4431E12980629500890D7C /* Item.swift */; };
		FF4431E4298062B000890D7C /* Weight.swift in Sources */ = {isa = PBXBuildFile; fileRef = FF4431E3298062B000890D7C /* Weight.swift */; };
		FF4431E62980638500890D7C /* Weapon.swift in Sources */ = {isa = PBXBuildFile; fileRef = FF4431E52980638500890D7C /* Weapon.swift */; };
		FF4431E8298063E200890D7C /* Range.swift in Sources */ = {isa = PBXBuildFile; fileRef = FF4431E7298063E200890D7C /* Range.swift */; };
		FF4431EA298064BD00890D7C /* PlayerCharacter.swift in Sources */ = {isa = PBXBuildFile; fileRef = FF4431E9298064BD00890D7C /* PlayerCharacter.swift */; };
		FF4431EC2980676800890D7C /* Armor.swift in Sources */ = {isa = PBXBuildFile; fileRef = FF4431EB2980676800890D7C /* Armor.swift */; };
		FF4431EE29806AD500890D7C /* Supply.swift in Sources */ = {isa = PBXBuildFile; fileRef = FF4431ED29806AD500890D7C /* Supply.swift */; };
		FF4431F029806AF900890D7C /* RawMaterial.swift in Sources */ = {isa = PBXBuildFile; fileRef = FF4431EF29806AF900890D7C /* RawMaterial.swift */; };
		FF4431F229806B4B00890D7C /* Tool.swift in Sources */ = {isa = PBXBuildFile; fileRef = FF4431F129806B4B00890D7C /* Tool.swift */; };
		FF4431F4298083BA00890D7C /* ArmorOption.swift in Sources */ = {isa = PBXBuildFile; fileRef = FF4431F3298083BA00890D7C /* ArmorOption.swift */; };
		FF4431F62980897300890D7C /* Battlefield.swift in Sources */ = {isa = PBXBuildFile; fileRef = FF4431F52980897300890D7C /* Battlefield.swift */; };
		FF4431F82980899100890D7C /* Zone.swift in Sources */ = {isa = PBXBuildFile; fileRef = FF4431F72980899100890D7C /* Zone.swift */; };
		FF4431FA298089CA00890D7C /* Battle.swift in Sources */ = {isa = PBXBuildFile; fileRef = FF4431F9298089CA00890D7C /* Battle.swift */; };
		FF4431FC298089F500890D7C /* BattleTeam.swift in Sources */ = {isa = PBXBuildFile; fileRef = FF4431FB298089F500890D7C /* BattleTeam.swift */; };
		FF44320029808A9000890D7C /* Combatant.swift in Sources */ = {isa = PBXBuildFile; fileRef = FF4431FF29808A9000890D7C /* Combatant.swift */; };
		FF443203298091A700890D7C /* MainViewLinkView.swift in Sources */ = {isa = PBXBuildFile; fileRef = FF443202298091A700890D7C /* MainViewLinkView.swift */; };
		FF44320729809A3B00890D7C /* IMFellGreatPrimer-Regular.ttf in Resources */ = {isa = PBXBuildFile; fileRef = FF44320529809A3B00890D7C /* IMFellGreatPrimer-Regular.ttf */; };
		FF44320829809A3B00890D7C /* IMFellGreatPrimer-Italic.ttf in Resources */ = {isa = PBXBuildFile; fileRef = FF44320629809A3B00890D7C /* IMFellGreatPrimer-Italic.ttf */; };
		FF44320B29809C2A00890D7C /* Fonts.swift in Sources */ = {isa = PBXBuildFile; fileRef = FF44320A29809C2A00890D7C /* Fonts.swift */; };
		FF4432112980AC6C00890D7C /* SettingsView.swift in Sources */ = {isa = PBXBuildFile; fileRef = FF4432102980AC6C00890D7C /* SettingsView.swift */; };
		FF4432132980ADA500890D7C /* PlayersView.swift in Sources */ = {isa = PBXBuildFile; fileRef = FF4432122980ADA500890D7C /* PlayersView.swift */; };
		FF4432152980AEB300890D7C /* PlayersViewModel.swift in Sources */ = {isa = PBXBuildFile; fileRef = FF4432142980AEB300890D7C /* PlayersViewModel.swift */; };
		FF4432192980AF6B00890D7C /* GetPlayerCharactersInteractor.swift in Sources */ = {isa = PBXBuildFile; fileRef = FF4432182980AF6B00890D7C /* GetPlayerCharactersInteractor.swift */; };
		FF4432272980B1A100890D7C /* Inject.swift in Sources */ = {isa = PBXBuildFile; fileRef = FF4432262980B1A100890D7C /* Inject.swift */; };
		FF4432292980B1B400890D7C /* Resolver.swift in Sources */ = {isa = PBXBuildFile; fileRef = FF4432282980B1B400890D7C /* Resolver.swift */; };
		FF4432312980B5B900890D7C /* Swinject in Frameworks */ = {isa = PBXBuildFile; productRef = FF4432302980B5B900890D7C /* Swinject */; };
		FF4432332980B5E500890D7C /* PlayersRepository.swift in Sources */ = {isa = PBXBuildFile; fileRef = FF4432322980B5E500890D7C /* PlayersRepository.swift */; };
		FF4432352980B6E000890D7C /* Gender.swift in Sources */ = {isa = PBXBuildFile; fileRef = FF4432342980B6E000890D7C /* Gender.swift */; };
		FF9E9C6C29804D83002FD2FE /* Character.swift in Sources */ = {isa = PBXBuildFile; fileRef = FF9E9C6B29804D83002FD2FE /* Character.swift */; };
		FF9E9C6E29804DCB002FD2FE /* Kin.swift in Sources */ = {isa = PBXBuildFile; fileRef = FF9E9C6D29804DCB002FD2FE /* Kin.swift */; };
		FF9E9C7029804EFF002FD2FE /* Profession.swift in Sources */ = {isa = PBXBuildFile; fileRef = FF9E9C6F29804EFF002FD2FE /* Profession.swift */; };
		FF9E9C7229804FCE002FD2FE /* Talent.swift in Sources */ = {isa = PBXBuildFile; fileRef = FF9E9C7129804FCE002FD2FE /* Talent.swift */; };
		FFA971512980306D009FF258 /* FLHelperApp.swift in Sources */ = {isa = PBXBuildFile; fileRef = FFA971502980306D009FF258 /* FLHelperApp.swift */; };
		FFA971532980306D009FF258 /* MainView.swift in Sources */ = {isa = PBXBuildFile; fileRef = FFA971522980306D009FF258 /* MainView.swift */; };
		FFA971552980306E009FF258 /* Assets.xcassets in Resources */ = {isa = PBXBuildFile; fileRef = FFA971542980306E009FF258 /* Assets.xcassets */; };
		FFA971622980306E009FF258 /* FLHelperTests.swift in Sources */ = {isa = PBXBuildFile; fileRef = FFA971612980306E009FF258 /* FLHelperTests.swift */; };
		FFA9716C2980306E009FF258 /* FLHelperUITests.swift in Sources */ = {isa = PBXBuildFile; fileRef = FFA9716B2980306E009FF258 /* FLHelperUITests.swift */; };
		FFA9716E2980306E009FF258 /* FLHelperUITestsLaunchTests.swift in Sources */ = {isa = PBXBuildFile; fileRef = FFA9716D2980306E009FF258 /* FLHelperUITestsLaunchTests.swift */; };
/* End PBXBuildFile section */

/* Begin PBXContainerItemProxy section */
		FFA9715E2980306E009FF258 /* PBXContainerItemProxy */ = {
			isa = PBXContainerItemProxy;
			containerPortal = FFA971452980306D009FF258 /* Project object */;
			proxyType = 1;
			remoteGlobalIDString = FFA9714C2980306D009FF258;
			remoteInfo = FLHelper;
		};
		FFA971682980306E009FF258 /* PBXContainerItemProxy */ = {
			isa = PBXContainerItemProxy;
			containerPortal = FFA971452980306D009FF258 /* Project object */;
			proxyType = 1;
			remoteGlobalIDString = FFA9714C2980306D009FF258;
			remoteInfo = FLHelper;
		};
/* End PBXContainerItemProxy section */

/* Begin PBXCopyFilesBuildPhase section */
		FF44322D2980B58700890D7C /* Embed Frameworks */ = {
			isa = PBXCopyFilesBuildPhase;
			buildActionMask = 2147483647;
			dstPath = "";
			dstSubfolderSpec = 10;
			files = (
			);
			name = "Embed Frameworks";
			runOnlyForDeploymentPostprocessing = 0;
		};
/* End PBXCopyFilesBuildPhase section */

/* Begin PBXFileReference section */
		FF1A869C2981C41B0056076C /* Campaign.swift */ = {isa = PBXFileReference; lastKnownFileType = sourcecode.swift; path = Campaign.swift; sourceTree = "<group>"; };
		FF1A86A32981C5920056076C /* FLPlayersRepository.swift */ = {isa = PBXFileReference; lastKnownFileType = sourcecode.swift; path = FLPlayersRepository.swift; sourceTree = "<group>"; };
		FF1A86A62981C5FE0056076C /* PlayersInjection.swift */ = {isa = PBXFileReference; lastKnownFileType = sourcecode.swift; path = PlayersInjection.swift; sourceTree = "<group>"; };
		FF1A86AD2981CC730056076C /* MainViewModel.swift */ = {isa = PBXFileReference; lastKnownFileType = sourcecode.swift; path = MainViewModel.swift; sourceTree = "<group>"; };
		FF1A86B02981D3250056076C /* DataModel.xcdatamodel */ = {isa = PBXFileReference; lastKnownFileType = wrapper.xcdatamodel; path = DataModel.xcdatamodel; sourceTree = "<group>"; };
		FF1A86B52981D4640056076C /* PersistenceController.swift */ = {isa = PBXFileReference; lastKnownFileType = sourcecode.swift; path = PersistenceController.swift; sourceTree = "<group>"; };
		FF1A86B72981DFBC0056076C /* PlayerDetailView.swift */ = {isa = PBXFileReference; lastKnownFileType = sourcecode.swift; path = PlayerDetailView.swift; sourceTree = "<group>"; };
		FF4431CF2980518C00890D7C /* Die.swift */ = {isa = PBXFileReference; lastKnownFileType = sourcecode.swift; path = Die.swift; sourceTree = "<group>"; };
		FF4431D12980530B00890D7C /* Animal.swift */ = {isa = PBXFileReference; lastKnownFileType = sourcecode.swift; path = Animal.swift; sourceTree = "<group>"; };
		FF4431D82980553100890D7C /* Entity.swift */ = {isa = PBXFileReference; lastKnownFileType = sourcecode.swift; path = Entity.swift; sourceTree = "<group>"; };
		FF4431DA298055AB00890D7C /* Attribute.swift */ = {isa = PBXFileReference; lastKnownFileType = sourcecode.swift; path = Attribute.swift; sourceTree = "<group>"; };
		FF4431DC2980566100890D7C /* Skill.swift */ = {isa = PBXFileReference; lastKnownFileType = sourcecode.swift; path = Skill.swift; sourceTree = "<group>"; };
		FF4431DF2980591C00890D7C /* AnimalType.swift */ = {isa = PBXFileReference; lastKnownFileType = sourcecode.swift; path = AnimalType.swift; sourceTree = "<group>"; };
		FF4431E12980629500890D7C /* Item.swift */ = {isa = PBXFileReference; lastKnownFileType = sourcecode.swift; path = Item.swift; sourceTree = "<group>"; };
		FF4431E3298062B000890D7C /* Weight.swift */ = {isa = PBXFileReference; lastKnownFileType = sourcecode.swift; path = Weight.swift; sourceTree = "<group>"; };
		FF4431E52980638500890D7C /* Weapon.swift */ = {isa = PBXFileReference; lastKnownFileType = sourcecode.swift; path = Weapon.swift; sourceTree = "<group>"; };
		FF4431E7298063E200890D7C /* Range.swift */ = {isa = PBXFileReference; lastKnownFileType = sourcecode.swift; path = Range.swift; sourceTree = "<group>"; };
		FF4431E9298064BD00890D7C /* PlayerCharacter.swift */ = {isa = PBXFileReference; lastKnownFileType = sourcecode.swift; path = PlayerCharacter.swift; sourceTree = "<group>"; };
		FF4431EB2980676800890D7C /* Armor.swift */ = {isa = PBXFileReference; lastKnownFileType = sourcecode.swift; path = Armor.swift; sourceTree = "<group>"; };
		FF4431ED29806AD500890D7C /* Supply.swift */ = {isa = PBXFileReference; lastKnownFileType = sourcecode.swift; path = Supply.swift; sourceTree = "<group>"; };
		FF4431EF29806AF900890D7C /* RawMaterial.swift */ = {isa = PBXFileReference; lastKnownFileType = sourcecode.swift; path = RawMaterial.swift; sourceTree = "<group>"; };
		FF4431F129806B4B00890D7C /* Tool.swift */ = {isa = PBXFileReference; lastKnownFileType = sourcecode.swift; path = Tool.swift; sourceTree = "<group>"; };
		FF4431F3298083BA00890D7C /* ArmorOption.swift */ = {isa = PBXFileReference; lastKnownFileType = sourcecode.swift; path = ArmorOption.swift; sourceTree = "<group>"; };
		FF4431F52980897300890D7C /* Battlefield.swift */ = {isa = PBXFileReference; lastKnownFileType = sourcecode.swift; path = Battlefield.swift; sourceTree = "<group>"; };
		FF4431F72980899100890D7C /* Zone.swift */ = {isa = PBXFileReference; lastKnownFileType = sourcecode.swift; path = Zone.swift; sourceTree = "<group>"; };
		FF4431F9298089CA00890D7C /* Battle.swift */ = {isa = PBXFileReference; lastKnownFileType = sourcecode.swift; path = Battle.swift; sourceTree = "<group>"; };
		FF4431FB298089F500890D7C /* BattleTeam.swift */ = {isa = PBXFileReference; lastKnownFileType = sourcecode.swift; path = BattleTeam.swift; sourceTree = "<group>"; };
		FF4431FF29808A9000890D7C /* Combatant.swift */ = {isa = PBXFileReference; lastKnownFileType = sourcecode.swift; path = Combatant.swift; sourceTree = "<group>"; };
		FF443202298091A700890D7C /* MainViewLinkView.swift */ = {isa = PBXFileReference; lastKnownFileType = sourcecode.swift; path = MainViewLinkView.swift; sourceTree = "<group>"; };
		FF44320529809A3B00890D7C /* IMFellGreatPrimer-Regular.ttf */ = {isa = PBXFileReference; lastKnownFileType = file; path = "IMFellGreatPrimer-Regular.ttf"; sourceTree = "<group>"; };
		FF44320629809A3B00890D7C /* IMFellGreatPrimer-Italic.ttf */ = {isa = PBXFileReference; lastKnownFileType = file; path = "IMFellGreatPrimer-Italic.ttf"; sourceTree = "<group>"; };
		FF44320929809B8600890D7C /* FL-Helper-Info.plist */ = {isa = PBXFileReference; lastKnownFileType = text.plist; path = "FL-Helper-Info.plist"; sourceTree = "<group>"; };
		FF44320A29809C2A00890D7C /* Fonts.swift */ = {isa = PBXFileReference; lastKnownFileType = sourcecode.swift; path = Fonts.swift; sourceTree = "<group>"; };
		FF4432102980AC6C00890D7C /* SettingsView.swift */ = {isa = PBXFileReference; lastKnownFileType = sourcecode.swift; path = SettingsView.swift; sourceTree = "<group>"; };
		FF4432122980ADA500890D7C /* PlayersView.swift */ = {isa = PBXFileReference; lastKnownFileType = sourcecode.swift; path = PlayersView.swift; sourceTree = "<group>"; };
		FF4432142980AEB300890D7C /* PlayersViewModel.swift */ = {isa = PBXFileReference; lastKnownFileType = sourcecode.swift; path = PlayersViewModel.swift; sourceTree = "<group>"; };
		FF4432182980AF6B00890D7C /* GetPlayerCharactersInteractor.swift */ = {isa = PBXFileReference; lastKnownFileType = sourcecode.swift; path = GetPlayerCharactersInteractor.swift; sourceTree = "<group>"; };
		FF4432262980B1A100890D7C /* Inject.swift */ = {isa = PBXFileReference; lastKnownFileType = sourcecode.swift; path = Inject.swift; sourceTree = "<group>"; };
		FF4432282980B1B400890D7C /* Resolver.swift */ = {isa = PBXFileReference; lastKnownFileType = sourcecode.swift; path = Resolver.swift; sourceTree = "<group>"; };
		FF4432322980B5E500890D7C /* PlayersRepository.swift */ = {isa = PBXFileReference; lastKnownFileType = sourcecode.swift; path = PlayersRepository.swift; sourceTree = "<group>"; };
		FF4432342980B6E000890D7C /* Gender.swift */ = {isa = PBXFileReference; lastKnownFileType = sourcecode.swift; path = Gender.swift; sourceTree = "<group>"; };
		FF9E9C6B29804D83002FD2FE /* Character.swift */ = {isa = PBXFileReference; lastKnownFileType = sourcecode.swift; path = Character.swift; sourceTree = "<group>"; };
		FF9E9C6D29804DCB002FD2FE /* Kin.swift */ = {isa = PBXFileReference; lastKnownFileType = sourcecode.swift; path = Kin.swift; sourceTree = "<group>"; };
		FF9E9C6F29804EFF002FD2FE /* Profession.swift */ = {isa = PBXFileReference; lastKnownFileType = sourcecode.swift; path = Profession.swift; sourceTree = "<group>"; };
		FF9E9C7129804FCE002FD2FE /* Talent.swift */ = {isa = PBXFileReference; lastKnownFileType = sourcecode.swift; path = Talent.swift; sourceTree = "<group>"; };
		FFA9714D2980306D009FF258 /* FL Helper.app */ = {isa = PBXFileReference; explicitFileType = wrapper.application; includeInIndex = 0; path = "FL Helper.app"; sourceTree = BUILT_PRODUCTS_DIR; };
		FFA971502980306D009FF258 /* FLHelperApp.swift */ = {isa = PBXFileReference; lastKnownFileType = sourcecode.swift; path = FLHelperApp.swift; sourceTree = "<group>"; };
		FFA971522980306D009FF258 /* MainView.swift */ = {isa = PBXFileReference; lastKnownFileType = sourcecode.swift; path = MainView.swift; sourceTree = "<group>"; };
		FFA971542980306E009FF258 /* Assets.xcassets */ = {isa = PBXFileReference; lastKnownFileType = folder.assetcatalog; path = Assets.xcassets; sourceTree = "<group>"; };
		FFA9715D2980306E009FF258 /* FLHelperTests.xctest */ = {isa = PBXFileReference; explicitFileType = wrapper.cfbundle; includeInIndex = 0; path = FLHelperTests.xctest; sourceTree = BUILT_PRODUCTS_DIR; };
		FFA971612980306E009FF258 /* FLHelperTests.swift */ = {isa = PBXFileReference; lastKnownFileType = sourcecode.swift; path = FLHelperTests.swift; sourceTree = "<group>"; };
		FFA971672980306E009FF258 /* FLHelperUITests.xctest */ = {isa = PBXFileReference; explicitFileType = wrapper.cfbundle; includeInIndex = 0; path = FLHelperUITests.xctest; sourceTree = BUILT_PRODUCTS_DIR; };
		FFA9716B2980306E009FF258 /* FLHelperUITests.swift */ = {isa = PBXFileReference; lastKnownFileType = sourcecode.swift; path = FLHelperUITests.swift; sourceTree = "<group>"; };
		FFA9716D2980306E009FF258 /* FLHelperUITestsLaunchTests.swift */ = {isa = PBXFileReference; lastKnownFileType = sourcecode.swift; path = FLHelperUITestsLaunchTests.swift; sourceTree = "<group>"; };
/* End PBXFileReference section */

/* Begin PBXFrameworksBuildPhase section */
		FFA9714A2980306D009FF258 /* Frameworks */ = {
			isa = PBXFrameworksBuildPhase;
			buildActionMask = 2147483647;
			files = (
				FF4432312980B5B900890D7C /* Swinject in Frameworks */,
			);
			runOnlyForDeploymentPostprocessing = 0;
		};
		FFA9715A2980306E009FF258 /* Frameworks */ = {
			isa = PBXFrameworksBuildPhase;
			buildActionMask = 2147483647;
			files = (
			);
			runOnlyForDeploymentPostprocessing = 0;
		};
		FFA971642980306E009FF258 /* Frameworks */ = {
			isa = PBXFrameworksBuildPhase;
			buildActionMask = 2147483647;
			files = (
			);
			runOnlyForDeploymentPostprocessing = 0;
		};
/* End PBXFrameworksBuildPhase section */

/* Begin PBXGroup section */
		FF1A869B2981C4090056076C /* Database */ = {
			isa = PBXGroup;
			children = (
				FF1A86AF2981D3250056076C /* DataModel.xcdatamodeld */,
				FF1A86B52981D4640056076C /* PersistenceController.swift */,
			);
			path = Database;
			sourceTree = "<group>";
		};
		FF1A869E2981C49A0056076C /* domain */ = {
			isa = PBXGroup;
			children = (
				FF1A869C2981C41B0056076C /* Campaign.swift */,
			);
			path = domain;
			sourceTree = "<group>";
		};
		FF1A86A22981C55F0056076C /* data */ = {
			isa = PBXGroup;
			children = (
				FF1A86A32981C5920056076C /* FLPlayersRepository.swift */,
			);
			path = data;
			sourceTree = "<group>";
		};
		FF1A86A52981C5EE0056076C /* injection */ = {
			isa = PBXGroup;
			children = (
				FF1A86A62981C5FE0056076C /* PlayersInjection.swift */,
			);
			path = injection;
			sourceTree = "<group>";
		};
		FF4431CD2980515A00890D7C /* Items */ = {
			isa = PBXGroup;
			children = (
				FF4431E12980629500890D7C /* Item.swift */,
				FF4431E3298062B000890D7C /* Weight.swift */,
				FF4431E52980638500890D7C /* Weapon.swift */,
				FF4431EB2980676800890D7C /* Armor.swift */,
				FF4431ED29806AD500890D7C /* Supply.swift */,
				FF4431EF29806AF900890D7C /* RawMaterial.swift */,
				FF4431F129806B4B00890D7C /* Tool.swift */,
				FF4431F3298083BA00890D7C /* ArmorOption.swift */,
			);
			path = Items;
			sourceTree = "<group>";
		};
		FF4431CE2980518300890D7C /* General */ = {
			isa = PBXGroup;
			children = (
				FF4431CF2980518C00890D7C /* Die.swift */,
				FF4431D82980553100890D7C /* Entity.swift */,
				FF4431DA298055AB00890D7C /* Attribute.swift */,
				FF4431DC2980566100890D7C /* Skill.swift */,
				FF4431E7298063E200890D7C /* Range.swift */,
				FF4432342980B6E000890D7C /* Gender.swift */,
			);
			path = General;
			sourceTree = "<group>";
		};
		FF4431D7298054AC00890D7C /* Monsters */ = {
			isa = PBXGroup;
			children = (
			);
			path = Monsters;
			sourceTree = "<group>";
		};
		FF4431DE2980590D00890D7C /* Animals */ = {
			isa = PBXGroup;
			children = (
				FF4431D12980530B00890D7C /* Animal.swift */,
				FF4431DF2980591C00890D7C /* AnimalType.swift */,
			);
			path = Animals;
			sourceTree = "<group>";
		};
		FF44320129808EF900890D7C /* App */ = {
			isa = PBXGroup;
			children = (
				FFA971502980306D009FF258 /* FLHelperApp.swift */,
				FF44320C29809D1B00890D7C /* view */,
				FF443204298099EC00890D7C /* Fonts */,
			);
			path = App;
			sourceTree = "<group>";
		};
		FF443204298099EC00890D7C /* Fonts */ = {
			isa = PBXGroup;
			children = (
				FF44320629809A3B00890D7C /* IMFellGreatPrimer-Italic.ttf */,
				FF44320529809A3B00890D7C /* IMFellGreatPrimer-Regular.ttf */,
				FF44320A29809C2A00890D7C /* Fonts.swift */,
			);
			path = Fonts;
			sourceTree = "<group>";
		};
		FF44320C29809D1B00890D7C /* view */ = {
			isa = PBXGroup;
			children = (
				FFA971522980306D009FF258 /* MainView.swift */,
				FF443202298091A700890D7C /* MainViewLinkView.swift */,
				FF1A86AD2981CC730056076C /* MainViewModel.swift */,
			);
			path = view;
			sourceTree = "<group>";
		};
		FF44320F2980AC6500890D7C /* Settings */ = {
			isa = PBXGroup;
			children = (
				FF4432102980AC6C00890D7C /* SettingsView.swift */,
			);
			path = Settings;
			sourceTree = "<group>";
		};
		FF4432162980AF5800890D7C /* view */ = {
			isa = PBXGroup;
			children = (
				FF4432122980ADA500890D7C /* PlayersView.swift */,
				FF4432142980AEB300890D7C /* PlayersViewModel.swift */,
				FF1A86B72981DFBC0056076C /* PlayerDetailView.swift */,
			);
			path = view;
			sourceTree = "<group>";
		};
		FF4432172980AF6300890D7C /* domain */ = {
			isa = PBXGroup;
			children = (
				FF4431E9298064BD00890D7C /* PlayerCharacter.swift */,
				FF4432182980AF6B00890D7C /* GetPlayerCharactersInteractor.swift */,
				FF4432322980B5E500890D7C /* PlayersRepository.swift */,
			);
			path = domain;
			sourceTree = "<group>";
		};
		FF4432252980B19A00890D7C /* Injection */ = {
			isa = PBXGroup;
			children = (
				FF4432262980B1A100890D7C /* Inject.swift */,
				FF4432282980B1B400890D7C /* Resolver.swift */,
			);
			path = Injection;
			sourceTree = "<group>";
		};
		FF44322A2980B58700890D7C /* Frameworks */ = {
			isa = PBXGroup;
			children = (
			);
			name = Frameworks;
			sourceTree = "<group>";
		};
		FF9E9C6129804D03002FD2FE /* Players */ = {
			isa = PBXGroup;
			children = (
				FF1A86A52981C5EE0056076C /* injection */,
				FF1A86A22981C55F0056076C /* data */,
				FF4432172980AF6300890D7C /* domain */,
				FF4432162980AF5800890D7C /* view */,
			);
			path = Players;
			sourceTree = "<group>";
		};
		FF9E9C6229804D11002FD2FE /* Places */ = {
			isa = PBXGroup;
			children = (
			);
			path = Places;
			sourceTree = "<group>";
		};
		FF9E9C6329804D1C002FD2FE /* Talents */ = {
			isa = PBXGroup;
			children = (
				FF9E9C7129804FCE002FD2FE /* Talent.swift */,
			);
			path = Talents;
			sourceTree = "<group>";
		};
		FF9E9C6429804D27002FD2FE /* Tables */ = {
			isa = PBXGroup;
			children = (
			);
			path = Tables;
			sourceTree = "<group>";
		};
		FF9E9C6529804D2D002FD2FE /* NPCs */ = {
			isa = PBXGroup;
			children = (
			);
			path = NPCs;
			sourceTree = "<group>";
		};
		FF9E9C6629804D33002FD2FE /* Encounters */ = {
			isa = PBXGroup;
			children = (
			);
			path = Encounters;
			sourceTree = "<group>";
		};
		FF9E9C6729804D3B002FD2FE /* Combat */ = {
			isa = PBXGroup;
			children = (
				FF4431F52980897300890D7C /* Battlefield.swift */,
				FF4431F72980899100890D7C /* Zone.swift */,
				FF4431F9298089CA00890D7C /* Battle.swift */,
				FF4431FB298089F500890D7C /* BattleTeam.swift */,
				FF4431FF29808A9000890D7C /* Combatant.swift */,
			);
			path = Combat;
			sourceTree = "<group>";
		};
		FF9E9C6829804D53002FD2FE /* Spells */ = {
			isa = PBXGroup;
			children = (
			);
			path = Spells;
			sourceTree = "<group>";
		};
		FF9E9C6929804D60002FD2FE /* Campaign */ = {
			isa = PBXGroup;
			children = (
				FF1A869E2981C49A0056076C /* domain */,
			);
			path = Campaign;
			sourceTree = "<group>";
		};
		FF9E9C6A29804D75002FD2FE /* Character */ = {
			isa = PBXGroup;
			children = (
				FF9E9C6B29804D83002FD2FE /* Character.swift */,
				FF9E9C6D29804DCB002FD2FE /* Kin.swift */,
				FF9E9C6F29804EFF002FD2FE /* Profession.swift */,
			);
			path = Character;
			sourceTree = "<group>";
		};
		FFA971442980306D009FF258 = {
			isa = PBXGroup;
			children = (
				FF44320929809B8600890D7C /* FL-Helper-Info.plist */,
				FFA9714F2980306D009FF258 /* FLHelper */,
				FFA971602980306E009FF258 /* FLHelperTests */,
				FFA9716A2980306E009FF258 /* FLHelperUITests */,
				FFA9714E2980306D009FF258 /* Products */,
				FF44322A2980B58700890D7C /* Frameworks */,
			);
			sourceTree = "<group>";
		};
		FFA9714E2980306D009FF258 /* Products */ = {
			isa = PBXGroup;
			children = (
				FFA9714D2980306D009FF258 /* FL Helper.app */,
				FFA9715D2980306E009FF258 /* FLHelperTests.xctest */,
				FFA971672980306E009FF258 /* FLHelperUITests.xctest */,
			);
			name = Products;
			sourceTree = "<group>";
		};
		FFA9714F2980306D009FF258 /* FLHelper */ = {
			isa = PBXGroup;
			children = (
				FF1A869B2981C4090056076C /* Database */,
				FF4432252980B19A00890D7C /* Injection */,
				FF44320F2980AC6500890D7C /* Settings */,
				FF44320129808EF900890D7C /* App */,
				FF4431DE2980590D00890D7C /* Animals */,
				FF4431D7298054AC00890D7C /* Monsters */,
				FF4431CE2980518300890D7C /* General */,
				FF4431CD2980515A00890D7C /* Items */,
				FF9E9C6A29804D75002FD2FE /* Character */,
				FF9E9C6929804D60002FD2FE /* Campaign */,
				FF9E9C6829804D53002FD2FE /* Spells */,
				FF9E9C6729804D3B002FD2FE /* Combat */,
				FF9E9C6629804D33002FD2FE /* Encounters */,
				FF9E9C6529804D2D002FD2FE /* NPCs */,
				FF9E9C6429804D27002FD2FE /* Tables */,
				FF9E9C6329804D1C002FD2FE /* Talents */,
				FF9E9C6229804D11002FD2FE /* Places */,
				FF9E9C6129804D03002FD2FE /* Players */,
				FFA971542980306E009FF258 /* Assets.xcassets */,
			);
			path = FLHelper;
			sourceTree = "<group>";
		};
		FFA971602980306E009FF258 /* FLHelperTests */ = {
			isa = PBXGroup;
			children = (
				FFA971612980306E009FF258 /* FLHelperTests.swift */,
			);
			path = FLHelperTests;
			sourceTree = "<group>";
		};
		FFA9716A2980306E009FF258 /* FLHelperUITests */ = {
			isa = PBXGroup;
			children = (
				FFA9716B2980306E009FF258 /* FLHelperUITests.swift */,
				FFA9716D2980306E009FF258 /* FLHelperUITestsLaunchTests.swift */,
			);
			path = FLHelperUITests;
			sourceTree = "<group>";
		};
/* End PBXGroup section */

/* Begin PBXNativeTarget section */
		FFA9714C2980306D009FF258 /* FL Helper */ = {
			isa = PBXNativeTarget;
			buildConfigurationList = FFA971712980306E009FF258 /* Build configuration list for PBXNativeTarget "FL Helper" */;
			buildPhases = (
				FFA971492980306D009FF258 /* Sources */,
				FFA9714A2980306D009FF258 /* Frameworks */,
				FFA9714B2980306D009FF258 /* Resources */,
				FF44322D2980B58700890D7C /* Embed Frameworks */,
			);
			buildRules = (
			);
			dependencies = (
			);
			name = "FL Helper";
			packageProductDependencies = (
				FF4432302980B5B900890D7C /* Swinject */,
			);
			productName = FLHelper;
			productReference = FFA9714D2980306D009FF258 /* FL Helper.app */;
			productType = "com.apple.product-type.application";
		};
		FFA9715C2980306E009FF258 /* FLHelperTests */ = {
			isa = PBXNativeTarget;
			buildConfigurationList = FFA971742980306E009FF258 /* Build configuration list for PBXNativeTarget "FLHelperTests" */;
			buildPhases = (
				FFA971592980306E009FF258 /* Sources */,
				FFA9715A2980306E009FF258 /* Frameworks */,
				FFA9715B2980306E009FF258 /* Resources */,
			);
			buildRules = (
			);
			dependencies = (
				FFA9715F2980306E009FF258 /* PBXTargetDependency */,
			);
			name = FLHelperTests;
			productName = FLHelperTests;
			productReference = FFA9715D2980306E009FF258 /* FLHelperTests.xctest */;
			productType = "com.apple.product-type.bundle.unit-test";
		};
		FFA971662980306E009FF258 /* FLHelperUITests */ = {
			isa = PBXNativeTarget;
			buildConfigurationList = FFA971772980306E009FF258 /* Build configuration list for PBXNativeTarget "FLHelperUITests" */;
			buildPhases = (
				FFA971632980306E009FF258 /* Sources */,
				FFA971642980306E009FF258 /* Frameworks */,
				FFA971652980306E009FF258 /* Resources */,
			);
			buildRules = (
			);
			dependencies = (
				FFA971692980306E009FF258 /* PBXTargetDependency */,
			);
			name = FLHelperUITests;
			productName = FLHelperUITests;
			productReference = FFA971672980306E009FF258 /* FLHelperUITests.xctest */;
			productType = "com.apple.product-type.bundle.ui-testing";
		};
/* End PBXNativeTarget section */

/* Begin PBXProject section */
		FFA971452980306D009FF258 /* Project object */ = {
			isa = PBXProject;
			attributes = {
				BuildIndependentTargetsInParallel = 1;
				LastSwiftUpdateCheck = 1420;
				LastUpgradeCheck = 1420;
				TargetAttributes = {
					FFA9714C2980306D009FF258 = {
						CreatedOnToolsVersion = 14.2;
					};
					FFA9715C2980306E009FF258 = {
						CreatedOnToolsVersion = 14.2;
						TestTargetID = FFA9714C2980306D009FF258;
					};
					FFA971662980306E009FF258 = {
						CreatedOnToolsVersion = 14.2;
						TestTargetID = FFA9714C2980306D009FF258;
					};
				};
			};
			buildConfigurationList = FFA971482980306D009FF258 /* Build configuration list for PBXProject "FLHelper" */;
			compatibilityVersion = "Xcode 14.0";
			developmentRegion = en;
			hasScannedForEncodings = 0;
			knownRegions = (
				en,
				Base,
			);
			mainGroup = FFA971442980306D009FF258;
			packageReferences = (
				FF44322F2980B5B900890D7C /* XCRemoteSwiftPackageReference "Swinject" */,
			);
			productRefGroup = FFA9714E2980306D009FF258 /* Products */;
			projectDirPath = "";
			projectRoot = "";
			targets = (
				FFA9714C2980306D009FF258 /* FL Helper */,
				FFA9715C2980306E009FF258 /* FLHelperTests */,
				FFA971662980306E009FF258 /* FLHelperUITests */,
			);
		};
/* End PBXProject section */

/* Begin PBXResourcesBuildPhase section */
		FFA9714B2980306D009FF258 /* Resources */ = {
			isa = PBXResourcesBuildPhase;
			buildActionMask = 2147483647;
			files = (
				FF44320829809A3B00890D7C /* IMFellGreatPrimer-Italic.ttf in Resources */,
				FFA971552980306E009FF258 /* Assets.xcassets in Resources */,
				FF44320729809A3B00890D7C /* IMFellGreatPrimer-Regular.ttf in Resources */,
			);
			runOnlyForDeploymentPostprocessing = 0;
		};
		FFA9715B2980306E009FF258 /* Resources */ = {
			isa = PBXResourcesBuildPhase;
			buildActionMask = 2147483647;
			files = (
			);
			runOnlyForDeploymentPostprocessing = 0;
		};
		FFA971652980306E009FF258 /* Resources */ = {
			isa = PBXResourcesBuildPhase;
			buildActionMask = 2147483647;
			files = (
			);
			runOnlyForDeploymentPostprocessing = 0;
		};
/* End PBXResourcesBuildPhase section */

/* Begin PBXSourcesBuildPhase section */
		FFA971492980306D009FF258 /* Sources */ = {
			isa = PBXSourcesBuildPhase;
			buildActionMask = 2147483647;
			files = (
				FF4432272980B1A100890D7C /* Inject.swift in Sources */,
				FF1A86A42981C5920056076C /* FLPlayersRepository.swift in Sources */,
				FF9E9C7029804EFF002FD2FE /* Profession.swift in Sources */,
				FF1A86B12981D3250056076C /* DataModel.xcdatamodeld in Sources */,
				FF4431E62980638500890D7C /* Weapon.swift in Sources */,
				FF4432292980B1B400890D7C /* Resolver.swift in Sources */,
				FF4431EE29806AD500890D7C /* Supply.swift in Sources */,
				FF4432152980AEB300890D7C /* PlayersViewModel.swift in Sources */,
				FF4431F229806B4B00890D7C /* Tool.swift in Sources */,
				FF4431E8298063E200890D7C /* Range.swift in Sources */,
				FF4431DD2980566100890D7C /* Skill.swift in Sources */,
				FF1A86AE2981CC730056076C /* MainViewModel.swift in Sources */,
				FF4431F029806AF900890D7C /* RawMaterial.swift in Sources */,
				FF1A869D2981C41B0056076C /* Campaign.swift in Sources */,
				FF4432132980ADA500890D7C /* PlayersView.swift in Sources */,
				FF1A86B62981D4640056076C /* PersistenceController.swift in Sources */,
				FF4431D22980530B00890D7C /* Animal.swift in Sources */,
				FF4432332980B5E500890D7C /* PlayersRepository.swift in Sources */,
				FF4431FC298089F500890D7C /* BattleTeam.swift in Sources */,
				FF44320B29809C2A00890D7C /* Fonts.swift in Sources */,
				FF44320029808A9000890D7C /* Combatant.swift in Sources */,
				FF4431FA298089CA00890D7C /* Battle.swift in Sources */,
				FF4431F62980897300890D7C /* Battlefield.swift in Sources */,
				FF4431E02980591C00890D7C /* AnimalType.swift in Sources */,
				FF4431EA298064BD00890D7C /* PlayerCharacter.swift in Sources */,
				FF4431E22980629500890D7C /* Item.swift in Sources */,
				FF443203298091A700890D7C /* MainViewLinkView.swift in Sources */,
				FF4431E4298062B000890D7C /* Weight.swift in Sources */,
				FF9E9C6E29804DCB002FD2FE /* Kin.swift in Sources */,
				FF4431EC2980676800890D7C /* Armor.swift in Sources */,
				FF4431D02980518C00890D7C /* Die.swift in Sources */,
				FF9E9C6C29804D83002FD2FE /* Character.swift in Sources */,
				FF4432192980AF6B00890D7C /* GetPlayerCharactersInteractor.swift in Sources */,
				FF1A86A72981C5FE0056076C /* PlayersInjection.swift in Sources */,
				FF4431F82980899100890D7C /* Zone.swift in Sources */,
				FF4431F4298083BA00890D7C /* ArmorOption.swift in Sources */,
				FF4431D92980553100890D7C /* Entity.swift in Sources */,
				FF4431DB298055AB00890D7C /* Attribute.swift in Sources */,
				FF9E9C7229804FCE002FD2FE /* Talent.swift in Sources */,
				FFA971532980306D009FF258 /* MainView.swift in Sources */,
				FF1A86B82981DFBC0056076C /* PlayerDetailView.swift in Sources */,
				FF4432112980AC6C00890D7C /* SettingsView.swift in Sources */,
				FF4432352980B6E000890D7C /* Gender.swift in Sources */,
				FFA971512980306D009FF258 /* FLHelperApp.swift in Sources */,
			);
			runOnlyForDeploymentPostprocessing = 0;
		};
		FFA971592980306E009FF258 /* Sources */ = {
			isa = PBXSourcesBuildPhase;
			buildActionMask = 2147483647;
			files = (
				FFA971622980306E009FF258 /* FLHelperTests.swift in Sources */,
			);
			runOnlyForDeploymentPostprocessing = 0;
		};
		FFA971632980306E009FF258 /* Sources */ = {
			isa = PBXSourcesBuildPhase;
			buildActionMask = 2147483647;
			files = (
				FFA9716E2980306E009FF258 /* FLHelperUITestsLaunchTests.swift in Sources */,
				FFA9716C2980306E009FF258 /* FLHelperUITests.swift in Sources */,
			);
			runOnlyForDeploymentPostprocessing = 0;
		};
/* End PBXSourcesBuildPhase section */

/* Begin PBXTargetDependency section */
		FFA9715F2980306E009FF258 /* PBXTargetDependency */ = {
			isa = PBXTargetDependency;
			target = FFA9714C2980306D009FF258 /* FL Helper */;
			targetProxy = FFA9715E2980306E009FF258 /* PBXContainerItemProxy */;
		};
		FFA971692980306E009FF258 /* PBXTargetDependency */ = {
			isa = PBXTargetDependency;
			target = FFA9714C2980306D009FF258 /* FL Helper */;
			targetProxy = FFA971682980306E009FF258 /* PBXContainerItemProxy */;
		};
/* End PBXTargetDependency section */

/* Begin XCBuildConfiguration section */
		FFA9716F2980306E009FF258 /* Debug */ = {
			isa = XCBuildConfiguration;
			buildSettings = {
				ALWAYS_SEARCH_USER_PATHS = NO;
				CLANG_ANALYZER_NONNULL = YES;
				CLANG_ANALYZER_NUMBER_OBJECT_CONVERSION = YES_AGGRESSIVE;
				CLANG_CXX_LANGUAGE_STANDARD = "gnu++20";
				CLANG_ENABLE_MODULES = YES;
				CLANG_ENABLE_OBJC_ARC = YES;
				CLANG_ENABLE_OBJC_WEAK = YES;
				CLANG_WARN_BLOCK_CAPTURE_AUTORELEASING = YES;
				CLANG_WARN_BOOL_CONVERSION = YES;
				CLANG_WARN_COMMA = YES;
				CLANG_WARN_CONSTANT_CONVERSION = YES;
				CLANG_WARN_DEPRECATED_OBJC_IMPLEMENTATIONS = YES;
				CLANG_WARN_DIRECT_OBJC_ISA_USAGE = YES_ERROR;
				CLANG_WARN_DOCUMENTATION_COMMENTS = YES;
				CLANG_WARN_EMPTY_BODY = YES;
				CLANG_WARN_ENUM_CONVERSION = YES;
				CLANG_WARN_INFINITE_RECURSION = YES;
				CLANG_WARN_INT_CONVERSION = YES;
				CLANG_WARN_NON_LITERAL_NULL_CONVERSION = YES;
				CLANG_WARN_OBJC_IMPLICIT_RETAIN_SELF = YES;
				CLANG_WARN_OBJC_LITERAL_CONVERSION = YES;
				CLANG_WARN_OBJC_ROOT_CLASS = YES_ERROR;
				CLANG_WARN_QUOTED_INCLUDE_IN_FRAMEWORK_HEADER = YES;
				CLANG_WARN_RANGE_LOOP_ANALYSIS = YES;
				CLANG_WARN_STRICT_PROTOTYPES = YES;
				CLANG_WARN_SUSPICIOUS_MOVE = YES;
				CLANG_WARN_UNGUARDED_AVAILABILITY = YES_AGGRESSIVE;
				CLANG_WARN_UNREACHABLE_CODE = YES;
				CLANG_WARN__DUPLICATE_METHOD_MATCH = YES;
				COPY_PHASE_STRIP = NO;
				DEBUG_INFORMATION_FORMAT = dwarf;
				ENABLE_STRICT_OBJC_MSGSEND = YES;
				ENABLE_TESTABILITY = YES;
				GCC_C_LANGUAGE_STANDARD = gnu11;
				GCC_DYNAMIC_NO_PIC = NO;
				GCC_NO_COMMON_BLOCKS = YES;
				GCC_OPTIMIZATION_LEVEL = 0;
				GCC_PREPROCESSOR_DEFINITIONS = (
					"DEBUG=1",
					"$(inherited)",
				);
				GCC_WARN_64_TO_32_BIT_CONVERSION = YES;
				GCC_WARN_ABOUT_RETURN_TYPE = YES_ERROR;
				GCC_WARN_UNDECLARED_SELECTOR = YES;
				GCC_WARN_UNINITIALIZED_AUTOS = YES_AGGRESSIVE;
				GCC_WARN_UNUSED_FUNCTION = YES;
				GCC_WARN_UNUSED_VARIABLE = YES;
				IPHONEOS_DEPLOYMENT_TARGET = 15.0;
				MTL_ENABLE_DEBUG_INFO = INCLUDE_SOURCE;
				MTL_FAST_MATH = YES;
				ONLY_ACTIVE_ARCH = YES;
				SDKROOT = iphoneos;
				SWIFT_ACTIVE_COMPILATION_CONDITIONS = DEBUG;
				SWIFT_OPTIMIZATION_LEVEL = "-Onone";
			};
			name = Debug;
		};
		FFA971702980306E009FF258 /* Release */ = {
			isa = XCBuildConfiguration;
			buildSettings = {
				ALWAYS_SEARCH_USER_PATHS = NO;
				CLANG_ANALYZER_NONNULL = YES;
				CLANG_ANALYZER_NUMBER_OBJECT_CONVERSION = YES_AGGRESSIVE;
				CLANG_CXX_LANGUAGE_STANDARD = "gnu++20";
				CLANG_ENABLE_MODULES = YES;
				CLANG_ENABLE_OBJC_ARC = YES;
				CLANG_ENABLE_OBJC_WEAK = YES;
				CLANG_WARN_BLOCK_CAPTURE_AUTORELEASING = YES;
				CLANG_WARN_BOOL_CONVERSION = YES;
				CLANG_WARN_COMMA = YES;
				CLANG_WARN_CONSTANT_CONVERSION = YES;
				CLANG_WARN_DEPRECATED_OBJC_IMPLEMENTATIONS = YES;
				CLANG_WARN_DIRECT_OBJC_ISA_USAGE = YES_ERROR;
				CLANG_WARN_DOCUMENTATION_COMMENTS = YES;
				CLANG_WARN_EMPTY_BODY = YES;
				CLANG_WARN_ENUM_CONVERSION = YES;
				CLANG_WARN_INFINITE_RECURSION = YES;
				CLANG_WARN_INT_CONVERSION = YES;
				CLANG_WARN_NON_LITERAL_NULL_CONVERSION = YES;
				CLANG_WARN_OBJC_IMPLICIT_RETAIN_SELF = YES;
				CLANG_WARN_OBJC_LITERAL_CONVERSION = YES;
				CLANG_WARN_OBJC_ROOT_CLASS = YES_ERROR;
				CLANG_WARN_QUOTED_INCLUDE_IN_FRAMEWORK_HEADER = YES;
				CLANG_WARN_RANGE_LOOP_ANALYSIS = YES;
				CLANG_WARN_STRICT_PROTOTYPES = YES;
				CLANG_WARN_SUSPICIOUS_MOVE = YES;
				CLANG_WARN_UNGUARDED_AVAILABILITY = YES_AGGRESSIVE;
				CLANG_WARN_UNREACHABLE_CODE = YES;
				CLANG_WARN__DUPLICATE_METHOD_MATCH = YES;
				COPY_PHASE_STRIP = NO;
				DEBUG_INFORMATION_FORMAT = "dwarf-with-dsym";
				ENABLE_NS_ASSERTIONS = NO;
				ENABLE_STRICT_OBJC_MSGSEND = YES;
				GCC_C_LANGUAGE_STANDARD = gnu11;
				GCC_NO_COMMON_BLOCKS = YES;
				GCC_WARN_64_TO_32_BIT_CONVERSION = YES;
				GCC_WARN_ABOUT_RETURN_TYPE = YES_ERROR;
				GCC_WARN_UNDECLARED_SELECTOR = YES;
				GCC_WARN_UNINITIALIZED_AUTOS = YES_AGGRESSIVE;
				GCC_WARN_UNUSED_FUNCTION = YES;
				GCC_WARN_UNUSED_VARIABLE = YES;
				IPHONEOS_DEPLOYMENT_TARGET = 15.0;
				MTL_ENABLE_DEBUG_INFO = NO;
				MTL_FAST_MATH = YES;
				SDKROOT = iphoneos;
				SWIFT_COMPILATION_MODE = wholemodule;
				SWIFT_OPTIMIZATION_LEVEL = "-O";
				VALIDATE_PRODUCT = YES;
			};
			name = Release;
		};
		FFA971722980306E009FF258 /* Debug */ = {
			isa = XCBuildConfiguration;
			buildSettings = {
				ASSETCATALOG_COMPILER_APPICON_NAME = AppIcon;
				ASSETCATALOG_COMPILER_GLOBAL_ACCENT_COLOR_NAME = AccentColor;
				CODE_SIGN_STYLE = Automatic;
				CURRENT_PROJECT_VERSION = 1;
				DEVELOPMENT_ASSET_PATHS = "\"FLHelper/Preview Content\"";
				DEVELOPMENT_TEAM = 692WP484NX;
				ENABLE_PREVIEWS = YES;
				GENERATE_INFOPLIST_FILE = YES;
				INFOPLIST_FILE = "FL-Helper-Info.plist";
				INFOPLIST_KEY_UIApplicationSceneManifest_Generation = YES;
				INFOPLIST_KEY_UIApplicationSupportsIndirectInputEvents = YES;
				INFOPLIST_KEY_UILaunchScreen_Generation = YES;
				INFOPLIST_KEY_UISupportedInterfaceOrientations_iPad = "UIInterfaceOrientationPortrait UIInterfaceOrientationPortraitUpsideDown UIInterfaceOrientationLandscapeLeft UIInterfaceOrientationLandscapeRight";
				INFOPLIST_KEY_UISupportedInterfaceOrientations_iPhone = "UIInterfaceOrientationPortrait UIInterfaceOrientationLandscapeLeft UIInterfaceOrientationLandscapeRight";
				IPHONEOS_DEPLOYMENT_TARGET = 15.0;
				LD_RUNPATH_SEARCH_PATHS = (
					"$(inherited)",
					"@executable_path/Frameworks",
				);
				MARKETING_VERSION = 1.0;
				PRODUCT_BUNDLE_IDENTIFIER = cz.manicek.FLHelper;
				PRODUCT_NAME = "$(TARGET_NAME)";
				SWIFT_EMIT_LOC_STRINGS = YES;
				SWIFT_VERSION = 5.0;
				TARGETED_DEVICE_FAMILY = "1,2";
			};
			name = Debug;
		};
		FFA971732980306E009FF258 /* Release */ = {
			isa = XCBuildConfiguration;
			buildSettings = {
				ASSETCATALOG_COMPILER_APPICON_NAME = AppIcon;
				ASSETCATALOG_COMPILER_GLOBAL_ACCENT_COLOR_NAME = AccentColor;
				CODE_SIGN_STYLE = Automatic;
				CURRENT_PROJECT_VERSION = 1;
				DEVELOPMENT_ASSET_PATHS = "\"FLHelper/Preview Content\"";
				DEVELOPMENT_TEAM = 692WP484NX;
				ENABLE_PREVIEWS = YES;
				GENERATE_INFOPLIST_FILE = YES;
				INFOPLIST_FILE = "FL-Helper-Info.plist";
				INFOPLIST_KEY_UIApplicationSceneManifest_Generation = YES;
				INFOPLIST_KEY_UIApplicationSupportsIndirectInputEvents = YES;
				INFOPLIST_KEY_UILaunchScreen_Generation = YES;
				INFOPLIST_KEY_UISupportedInterfaceOrientations_iPad = "UIInterfaceOrientationPortrait UIInterfaceOrientationPortraitUpsideDown UIInterfaceOrientationLandscapeLeft UIInterfaceOrientationLandscapeRight";
				INFOPLIST_KEY_UISupportedInterfaceOrientations_iPhone = "UIInterfaceOrientationPortrait UIInterfaceOrientationLandscapeLeft UIInterfaceOrientationLandscapeRight";
				IPHONEOS_DEPLOYMENT_TARGET = 15.0;
				LD_RUNPATH_SEARCH_PATHS = (
					"$(inherited)",
					"@executable_path/Frameworks",
				);
				MARKETING_VERSION = 1.0;
				PRODUCT_BUNDLE_IDENTIFIER = cz.manicek.FLHelper;
				PRODUCT_NAME = "$(TARGET_NAME)";
				SWIFT_EMIT_LOC_STRINGS = YES;
				SWIFT_VERSION = 5.0;
				TARGETED_DEVICE_FAMILY = "1,2";
			};
			name = Release;
		};
		FFA971752980306E009FF258 /* Debug */ = {
			isa = XCBuildConfiguration;
			buildSettings = {
				ALWAYS_EMBED_SWIFT_STANDARD_LIBRARIES = YES;
				BUNDLE_LOADER = "$(TEST_HOST)";
				CODE_SIGN_STYLE = Automatic;
				CURRENT_PROJECT_VERSION = 1;
				DEVELOPMENT_TEAM = 692WP484NX;
				GENERATE_INFOPLIST_FILE = YES;
				IPHONEOS_DEPLOYMENT_TARGET = 16.2;
				MARKETING_VERSION = 1.0;
				PRODUCT_BUNDLE_IDENTIFIER = cz.manicek.FLHelperTests;
				PRODUCT_NAME = "$(TARGET_NAME)";
				SWIFT_EMIT_LOC_STRINGS = NO;
				SWIFT_VERSION = 5.0;
				TARGETED_DEVICE_FAMILY = "1,2";
				TEST_HOST = "$(BUILT_PRODUCTS_DIR)/FLHelper.app/$(BUNDLE_EXECUTABLE_FOLDER_PATH)/FLHelper";
			};
			name = Debug;
		};
		FFA971762980306E009FF258 /* Release */ = {
			isa = XCBuildConfiguration;
			buildSettings = {
				ALWAYS_EMBED_SWIFT_STANDARD_LIBRARIES = YES;
				BUNDLE_LOADER = "$(TEST_HOST)";
				CODE_SIGN_STYLE = Automatic;
				CURRENT_PROJECT_VERSION = 1;
				DEVELOPMENT_TEAM = 692WP484NX;
				GENERATE_INFOPLIST_FILE = YES;
				IPHONEOS_DEPLOYMENT_TARGET = 16.2;
				MARKETING_VERSION = 1.0;
				PRODUCT_BUNDLE_IDENTIFIER = cz.manicek.FLHelperTests;
				PRODUCT_NAME = "$(TARGET_NAME)";
				SWIFT_EMIT_LOC_STRINGS = NO;
				SWIFT_VERSION = 5.0;
				TARGETED_DEVICE_FAMILY = "1,2";
				TEST_HOST = "$(BUILT_PRODUCTS_DIR)/FLHelper.app/$(BUNDLE_EXECUTABLE_FOLDER_PATH)/FLHelper";
			};
			name = Release;
		};
		FFA971782980306E009FF258 /* Debug */ = {
			isa = XCBuildConfiguration;
			buildSettings = {
				ALWAYS_EMBED_SWIFT_STANDARD_LIBRARIES = YES;
				CODE_SIGN_STYLE = Automatic;
				CURRENT_PROJECT_VERSION = 1;
				DEVELOPMENT_TEAM = 692WP484NX;
				GENERATE_INFOPLIST_FILE = YES;
				MARKETING_VERSION = 1.0;
				PRODUCT_BUNDLE_IDENTIFIER = cz.manicek.FLHelperUITests;
				PRODUCT_NAME = "$(TARGET_NAME)";
				SWIFT_EMIT_LOC_STRINGS = NO;
				SWIFT_VERSION = 5.0;
				TARGETED_DEVICE_FAMILY = "1,2";
				TEST_TARGET_NAME = FLHelper;
			};
			name = Debug;
		};
		FFA971792980306E009FF258 /* Release */ = {
			isa = XCBuildConfiguration;
			buildSettings = {
				ALWAYS_EMBED_SWIFT_STANDARD_LIBRARIES = YES;
				CODE_SIGN_STYLE = Automatic;
				CURRENT_PROJECT_VERSION = 1;
				DEVELOPMENT_TEAM = 692WP484NX;
				GENERATE_INFOPLIST_FILE = YES;
				MARKETING_VERSION = 1.0;
				PRODUCT_BUNDLE_IDENTIFIER = cz.manicek.FLHelperUITests;
				PRODUCT_NAME = "$(TARGET_NAME)";
				SWIFT_EMIT_LOC_STRINGS = NO;
				SWIFT_VERSION = 5.0;
				TARGETED_DEVICE_FAMILY = "1,2";
				TEST_TARGET_NAME = FLHelper;
			};
			name = Release;
		};
/* End XCBuildConfiguration section */

/* Begin XCConfigurationList section */
		FFA971482980306D009FF258 /* Build configuration list for PBXProject "FLHelper" */ = {
			isa = XCConfigurationList;
			buildConfigurations = (
				FFA9716F2980306E009FF258 /* Debug */,
				FFA971702980306E009FF258 /* Release */,
			);
			defaultConfigurationIsVisible = 0;
			defaultConfigurationName = Release;
		};
		FFA971712980306E009FF258 /* Build configuration list for PBXNativeTarget "FL Helper" */ = {
			isa = XCConfigurationList;
			buildConfigurations = (
				FFA971722980306E009FF258 /* Debug */,
				FFA971732980306E009FF258 /* Release */,
			);
			defaultConfigurationIsVisible = 0;
			defaultConfigurationName = Release;
		};
		FFA971742980306E009FF258 /* Build configuration list for PBXNativeTarget "FLHelperTests" */ = {
			isa = XCConfigurationList;
			buildConfigurations = (
				FFA971752980306E009FF258 /* Debug */,
				FFA971762980306E009FF258 /* Release */,
			);
			defaultConfigurationIsVisible = 0;
			defaultConfigurationName = Release;
		};
		FFA971772980306E009FF258 /* Build configuration list for PBXNativeTarget "FLHelperUITests" */ = {
			isa = XCConfigurationList;
			buildConfigurations = (
				FFA971782980306E009FF258 /* Debug */,
				FFA971792980306E009FF258 /* Release */,
			);
			defaultConfigurationIsVisible = 0;
			defaultConfigurationName = Release;
		};
/* End XCConfigurationList section */

/* Begin XCRemoteSwiftPackageReference section */
		FF44322F2980B5B900890D7C /* XCRemoteSwiftPackageReference "Swinject" */ = {
			isa = XCRemoteSwiftPackageReference;
			repositoryURL = "https://github.com/Swinject/Swinject";
			requirement = {
				kind = upToNextMajorVersion;
				minimumVersion = 2.0.0;
			};
		};
/* End XCRemoteSwiftPackageReference section */

/* Begin XCSwiftPackageProductDependency section */
		FF4432302980B5B900890D7C /* Swinject */ = {
			isa = XCSwiftPackageProductDependency;
			package = FF44322F2980B5B900890D7C /* XCRemoteSwiftPackageReference "Swinject" */;
			productName = Swinject;
		};
/* End XCSwiftPackageProductDependency section */

/* Begin XCVersionGroup section */
		FF1A86AF2981D3250056076C /* DataModel.xcdatamodeld */ = {
			isa = XCVersionGroup;
			children = (
				FF1A86B02981D3250056076C /* DataModel.xcdatamodel */,
			);
			currentVersion = FF1A86B02981D3250056076C /* DataModel.xcdatamodel */;
			path = DataModel.xcdatamodeld;
			sourceTree = "<group>";
			versionGroupType = wrapper.xcdatamodel;
		};
/* End XCVersionGroup section */
	};
	rootObject = FFA971452980306D009FF258 /* Project object */;
}
